// !$*UTF8*$!
{
	archiveVersion = 1;
	classes = {
	};
	objectVersion = 56;
	objects = {

/* Begin PBXBuildFile section */
		2AECBF0729DE5E37000F9A90 /* CounterConnectApp.swift in Sources */ = {isa = PBXBuildFile; fileRef = 2AECBF0629DE5E37000F9A90 /* CounterConnectApp.swift */; };
		2AECBF0929DE5E37000F9A90 /* ContentView.swift in Sources */ = {isa = PBXBuildFile; fileRef = 2AECBF0829DE5E37000F9A90 /* ContentView.swift */; };
		2AECBF0B29DE5E39000F9A90 /* Assets.xcassets in Resources */ = {isa = PBXBuildFile; fileRef = 2AECBF0A29DE5E39000F9A90 /* Assets.xcassets */; };
		2AECBF0E29DE5E39000F9A90 /* Preview Assets.xcassets in Resources */ = {isa = PBXBuildFile; fileRef = 2AECBF0D29DE5E39000F9A90 /* Preview Assets.xcassets */; };
		2AECBF1429DE5E39000F9A90 /* CounterConnect Watch App.app in Embed Watch Content */ = {isa = PBXBuildFile; fileRef = 2AECBF1329DE5E39000F9A90 /* CounterConnect Watch App.app */; settings = {ATTRIBUTES = (RemoveHeadersOnCopy, ); }; };
		2AECBF1929DE5E39000F9A90 /* CounterConnectApp.swift in Sources */ = {isa = PBXBuildFile; fileRef = 2AECBF1829DE5E39000F9A90 /* CounterConnectApp.swift */; };
		2AECBF1B29DE5E39000F9A90 /* ContentView.swift in Sources */ = {isa = PBXBuildFile; fileRef = 2AECBF1A29DE5E39000F9A90 /* ContentView.swift */; };
		2AECBF1D29DE5E3A000F9A90 /* Assets.xcassets in Resources */ = {isa = PBXBuildFile; fileRef = 2AECBF1C29DE5E3A000F9A90 /* Assets.xcassets */; };
		2AECBF2029DE5E3A000F9A90 /* Preview Assets.xcassets in Resources */ = {isa = PBXBuildFile; fileRef = 2AECBF1F29DE5E3A000F9A90 /* Preview Assets.xcassets */; };
		2AECBF2B29DE5E63000F9A90 /* ViewModelPhone.swift in Sources */ = {isa = PBXBuildFile; fileRef = 2AECBF2A29DE5E63000F9A90 /* ViewModelPhone.swift */; };
		2AECBF2D29DE5E78000F9A90 /* ViewModelWatch.swift in Sources */ = {isa = PBXBuildFile; fileRef = 2AECBF2C29DE5E78000F9A90 /* ViewModelWatch.swift */; };
/* End PBXBuildFile section */

/* Begin PBXContainerItemProxy section */
		2AECBF1529DE5E39000F9A90 /* PBXContainerItemProxy */ = {
			isa = PBXContainerItemProxy;
			containerPortal = 2AECBEFB29DE5E37000F9A90 /* Project object */;
			proxyType = 1;
			remoteGlobalIDString = 2AECBF1229DE5E39000F9A90;
			remoteInfo = "CounterConnect Watch App";
		};
/* End PBXContainerItemProxy section */

/* Begin PBXCopyFilesBuildPhase section */
		2AECBF2629DE5E3A000F9A90 /* Embed Watch Content */ = {
			isa = PBXCopyFilesBuildPhase;
			buildActionMask = 2147483647;
			dstPath = "$(CONTENTS_FOLDER_PATH)/Watch";
			dstSubfolderSpec = 16;
			files = (
				2AECBF1429DE5E39000F9A90 /* CounterConnect Watch App.app in Embed Watch Content */,
			);
			name = "Embed Watch Content";
			runOnlyForDeploymentPostprocessing = 0;
		};
/* End PBXCopyFilesBuildPhase section */

/* Begin PBXFileReference section */
		2AECBF0329DE5E37000F9A90 /* CounterConnect.app */ = {isa = PBXFileReference; explicitFileType = wrapper.application; includeInIndex = 0; path = CounterConnect.app; sourceTree = BUILT_PRODUCTS_DIR; };
		2AECBF0629DE5E37000F9A90 /* CounterConnectApp.swift */ = {isa = PBXFileReference; lastKnownFileType = sourcecode.swift; path = CounterConnectApp.swift; sourceTree = "<group>"; };
		2AECBF0829DE5E37000F9A90 /* ContentView.swift */ = {isa = PBXFileReference; lastKnownFileType = sourcecode.swift; path = ContentView.swift; sourceTree = "<group>"; };
		2AECBF0A29DE5E39000F9A90 /* Assets.xcassets */ = {isa = PBXFileReference; lastKnownFileType = folder.assetcatalog; path = Assets.xcassets; sourceTree = "<group>"; };
		2AECBF0D29DE5E39000F9A90 /* Preview Assets.xcassets */ = {isa = PBXFileReference; lastKnownFileType = folder.assetcatalog; path = "Preview Assets.xcassets"; sourceTree = "<group>"; };
		2AECBF1329DE5E39000F9A90 /* CounterConnect Watch App.app */ = {isa = PBXFileReference; explicitFileType = wrapper.application; includeInIndex = 0; path = "CounterConnect Watch App.app"; sourceTree = BUILT_PRODUCTS_DIR; };
		2AECBF1829DE5E39000F9A90 /* CounterConnectApp.swift */ = {isa = PBXFileReference; lastKnownFileType = sourcecode.swift; path = CounterConnectApp.swift; sourceTree = "<group>"; };
		2AECBF1A29DE5E39000F9A90 /* ContentView.swift */ = {isa = PBXFileReference; lastKnownFileType = sourcecode.swift; path = ContentView.swift; sourceTree = "<group>"; };
		2AECBF1C29DE5E3A000F9A90 /* Assets.xcassets */ = {isa = PBXFileReference; lastKnownFileType = folder.assetcatalog; path = Assets.xcassets; sourceTree = "<group>"; };
		2AECBF1F29DE5E3A000F9A90 /* Preview Assets.xcassets */ = {isa = PBXFileReference; lastKnownFileType = folder.assetcatalog; path = "Preview Assets.xcassets"; sourceTree = "<group>"; };
		2AECBF2A29DE5E63000F9A90 /* ViewModelPhone.swift */ = {isa = PBXFileReference; lastKnownFileType = sourcecode.swift; path = ViewModelPhone.swift; sourceTree = "<group>"; };
		2AECBF2C29DE5E78000F9A90 /* ViewModelWatch.swift */ = {isa = PBXFileReference; lastKnownFileType = sourcecode.swift; path = ViewModelWatch.swift; sourceTree = "<group>"; };
/* End PBXFileReference section */

/* Begin PBXFrameworksBuildPhase section */
		2AECBF0029DE5E37000F9A90 /* Frameworks */ = {
			isa = PBXFrameworksBuildPhase;
			buildActionMask = 2147483647;
			files = (
			);
			runOnlyForDeploymentPostprocessing = 0;
		};
		2AECBF1029DE5E39000F9A90 /* Frameworks */ = {
			isa = PBXFrameworksBuildPhase;
			buildActionMask = 2147483647;
			files = (
			);
			runOnlyForDeploymentPostprocessing = 0;
		};
/* End PBXFrameworksBuildPhase section */

/* Begin PBXGroup section */
		2AECBEFA29DE5E37000F9A90 = {
			isa = PBXGroup;
			children = (
				2AECBF0529DE5E37000F9A90 /* CounterConnect */,
				2AECBF1729DE5E39000F9A90 /* CounterConnect Watch App */,
				2AECBF0429DE5E37000F9A90 /* Products */,
			);
			sourceTree = "<group>";
		};
		2AECBF0429DE5E37000F9A90 /* Products */ = {
			isa = PBXGroup;
			children = (
				2AECBF0329DE5E37000F9A90 /* CounterConnect.app */,
				2AECBF1329DE5E39000F9A90 /* CounterConnect Watch App.app */,
			);
			name = Products;
			sourceTree = "<group>";
		};
		2AECBF0529DE5E37000F9A90 /* CounterConnect */ = {
			isa = PBXGroup;
			children = (
				2AECBF0629DE5E37000F9A90 /* CounterConnectApp.swift */,
				2AECBF0829DE5E37000F9A90 /* ContentView.swift */,
				2AECBF2A29DE5E63000F9A90 /* ViewModelPhone.swift */,
				2AECBF0A29DE5E39000F9A90 /* Assets.xcassets */,
				2AECBF0C29DE5E39000F9A90 /* Preview Content */,
			);
			path = CounterConnect;
			sourceTree = "<group>";
		};
		2AECBF0C29DE5E39000F9A90 /* Preview Content */ = {
			isa = PBXGroup;
			children = (
				2AECBF0D29DE5E39000F9A90 /* Preview Assets.xcassets */,
			);
			path = "Preview Content";
			sourceTree = "<group>";
		};
		2AECBF1729DE5E39000F9A90 /* CounterConnect Watch App */ = {
			isa = PBXGroup;
			children = (
				2AECBF1829DE5E39000F9A90 /* CounterConnectApp.swift */,
				2AECBF1A29DE5E39000F9A90 /* ContentView.swift */,
				2AECBF2C29DE5E78000F9A90 /* ViewModelWatch.swift */,
				2AECBF1C29DE5E3A000F9A90 /* Assets.xcassets */,
				2AECBF1E29DE5E3A000F9A90 /* Preview Content */,
			);
			path = "CounterConnect Watch App";
			sourceTree = "<group>";
		};
		2AECBF1E29DE5E3A000F9A90 /* Preview Content */ = {
			isa = PBXGroup;
			children = (
				2AECBF1F29DE5E3A000F9A90 /* Preview Assets.xcassets */,
			);
			path = "Preview Content";
			sourceTree = "<group>";
		};
/* End PBXGroup section */

/* Begin PBXNativeTarget section */
		2AECBF0229DE5E37000F9A90 /* CounterConnect */ = {
			isa = PBXNativeTarget;
			buildConfigurationList = 2AECBF2729DE5E3A000F9A90 /* Build configuration list for PBXNativeTarget "CounterConnect" */;
			buildPhases = (
				2AECBEFF29DE5E37000F9A90 /* Sources */,
				2AECBF0029DE5E37000F9A90 /* Frameworks */,
				2AECBF0129DE5E37000F9A90 /* Resources */,
				2AECBF2629DE5E3A000F9A90 /* Embed Watch Content */,
			);
			buildRules = (
			);
			dependencies = (
				2AECBF1629DE5E39000F9A90 /* PBXTargetDependency */,
			);
			name = CounterConnect;
			productName = CounterConnect;
			productReference = 2AECBF0329DE5E37000F9A90 /* CounterConnect.app */;
			productType = "com.apple.product-type.application";
		};
		2AECBF1229DE5E39000F9A90 /* CounterConnect Watch App */ = {
			isa = PBXNativeTarget;
			buildConfigurationList = 2AECBF2329DE5E3A000F9A90 /* Build configuration list for PBXNativeTarget "CounterConnect Watch App" */;
			buildPhases = (
				2AECBF0F29DE5E39000F9A90 /* Sources */,
				2AECBF1029DE5E39000F9A90 /* Frameworks */,
				2AECBF1129DE5E39000F9A90 /* Resources */,
			);
			buildRules = (
			);
			dependencies = (
			);
			name = "CounterConnect Watch App";
			productName = "CounterConnect Watch App";
			productReference = 2AECBF1329DE5E39000F9A90 /* CounterConnect Watch App.app */;
			productType = "com.apple.product-type.application";
		};
/* End PBXNativeTarget section */

/* Begin PBXProject section */
		2AECBEFB29DE5E37000F9A90 /* Project object */ = {
			isa = PBXProject;
			attributes = {
				BuildIndependentTargetsInParallel = 1;
				LastSwiftUpdateCheck = 1430;
				LastUpgradeCheck = 1430;
				TargetAttributes = {
					2AECBF0229DE5E37000F9A90 = {
						CreatedOnToolsVersion = 14.3;
					};
					2AECBF1229DE5E39000F9A90 = {
						CreatedOnToolsVersion = 14.3;
					};
				};
			};
			buildConfigurationList = 2AECBEFE29DE5E37000F9A90 /* Build configuration list for PBXProject "CounterConnect" */;
			compatibilityVersion = "Xcode 14.0";
			developmentRegion = en;
			hasScannedForEncodings = 0;
			knownRegions = (
				en,
				Base,
			);
			mainGroup = 2AECBEFA29DE5E37000F9A90;
			productRefGroup = 2AECBF0429DE5E37000F9A90 /* Products */;
			projectDirPath = "";
			projectRoot = "";
			targets = (
				2AECBF0229DE5E37000F9A90 /* CounterConnect */,
				2AECBF1229DE5E39000F9A90 /* CounterConnect Watch App */,
			);
		};
/* End PBXProject section */

/* Begin PBXResourcesBuildPhase section */
		2AECBF0129DE5E37000F9A90 /* Resources */ = {
			isa = PBXResourcesBuildPhase;
			buildActionMask = 2147483647;
			files = (
				2AECBF0E29DE5E39000F9A90 /* Preview Assets.xcassets in Resources */,
				2AECBF0B29DE5E39000F9A90 /* Assets.xcassets in Resources */,
			);
			runOnlyForDeploymentPostprocessing = 0;
		};
		2AECBF1129DE5E39000F9A90 /* Resources */ = {
			isa = PBXResourcesBuildPhase;
			buildActionMask = 2147483647;
			files = (
				2AECBF2029DE5E3A000F9A90 /* Preview Assets.xcassets in Resources */,
				2AECBF1D29DE5E3A000F9A90 /* Assets.xcassets in Resources */,
			);
			runOnlyForDeploymentPostprocessing = 0;
		};
/* End PBXResourcesBuildPhase section */

/* Begin PBXSourcesBuildPhase section */
		2AECBEFF29DE5E37000F9A90 /* Sources */ = {
			isa = PBXSourcesBuildPhase;
			buildActionMask = 2147483647;
			files = (
				2AECBF2B29DE5E63000F9A90 /* ViewModelPhone.swift in Sources */,
				2AECBF0929DE5E37000F9A90 /* ContentView.swift in Sources */,
				2AECBF0729DE5E37000F9A90 /* CounterConnectApp.swift in Sources */,
			);
			runOnlyForDeploymentPostprocessing = 0;
		};
		2AECBF0F29DE5E39000F9A90 /* Sources */ = {
			isa = PBXSourcesBuildPhase;
			buildActionMask = 2147483647;
			files = (
				2AECBF1B29DE5E39000F9A90 /* ContentView.swift in Sources */,
				2AECBF2D29DE5E78000F9A90 /* ViewModelWatch.swift in Sources */,
				2AECBF1929DE5E39000F9A90 /* CounterConnectApp.swift in Sources */,
			);
			runOnlyForDeploymentPostprocessing = 0;
		};
/* End PBXSourcesBuildPhase section */

/* Begin PBXTargetDependency section */
		2AECBF1629DE5E39000F9A90 /* PBXTargetDependency */ = {
			isa = PBXTargetDependency;
			target = 2AECBF1229DE5E39000F9A90 /* CounterConnect Watch App */;
			targetProxy = 2AECBF1529DE5E39000F9A90 /* PBXContainerItemProxy */;
		};
/* End PBXTargetDependency section */

/* Begin XCBuildConfiguration section */
		2AECBF2129DE5E3A000F9A90 /* Debug */ = {
			isa = XCBuildConfiguration;
			buildSettings = {
				ALWAYS_SEARCH_USER_PATHS = NO;
				CLANG_ANALYZER_NONNULL = YES;
				CLANG_ANALYZER_NUMBER_OBJECT_CONVERSION = YES_AGGRESSIVE;
				CLANG_CXX_LANGUAGE_STANDARD = "gnu++20";
				CLANG_ENABLE_MODULES = YES;
				CLANG_ENABLE_OBJC_ARC = YES;
				CLANG_ENABLE_OBJC_WEAK = YES;
				CLANG_WARN_BLOCK_CAPTURE_AUTORELEASING = YES;
				CLANG_WARN_BOOL_CONVERSION = YES;
				CLANG_WARN_COMMA = YES;
				CLANG_WARN_CONSTANT_CONVERSION = YES;
				CLANG_WARN_DEPRECATED_OBJC_IMPLEMENTATIONS = YES;
				CLANG_WARN_DIRECT_OBJC_ISA_USAGE = YES_ERROR;
				CLANG_WARN_DOCUMENTATION_COMMENTS = YES;
				CLANG_WARN_EMPTY_BODY = YES;
				CLANG_WARN_ENUM_CONVERSION = YES;
				CLANG_WARN_INFINITE_RECURSION = YES;
				CLANG_WARN_INT_CONVERSION = YES;
				CLANG_WARN_NON_LITERAL_NULL_CONVERSION = YES;
				CLANG_WARN_OBJC_IMPLICIT_RETAIN_SELF = YES;
				CLANG_WARN_OBJC_LITERAL_CONVERSION = YES;
				CLANG_WARN_OBJC_ROOT_CLASS = YES_ERROR;
				CLANG_WARN_QUOTED_INCLUDE_IN_FRAMEWORK_HEADER = YES;
				CLANG_WARN_RANGE_LOOP_ANALYSIS = YES;
				CLANG_WARN_STRICT_PROTOTYPES = YES;
				CLANG_WARN_SUSPICIOUS_MOVE = YES;
				CLANG_WARN_UNGUARDED_AVAILABILITY = YES_AGGRESSIVE;
				CLANG_WARN_UNREACHABLE_CODE = YES;
				CLANG_WARN__DUPLICATE_METHOD_MATCH = YES;
				COPY_PHASE_STRIP = NO;
				DEBUG_INFORMATION_FORMAT = dwarf;
				ENABLE_STRICT_OBJC_MSGSEND = YES;
				ENABLE_TESTABILITY = YES;
				GCC_C_LANGUAGE_STANDARD = gnu11;
				GCC_DYNAMIC_NO_PIC = NO;
				GCC_NO_COMMON_BLOCKS = YES;
				GCC_OPTIMIZATION_LEVEL = 0;
				GCC_PREPROCESSOR_DEFINITIONS = (
					"DEBUG=1",
					"$(inherited)",
				);
				GCC_WARN_64_TO_32_BIT_CONVERSION = YES;
				GCC_WARN_ABOUT_RETURN_TYPE = YES_ERROR;
				GCC_WARN_UNDECLARED_SELECTOR = YES;
				GCC_WARN_UNINITIALIZED_AUTOS = YES_AGGRESSIVE;
				GCC_WARN_UNUSED_FUNCTION = YES;
				GCC_WARN_UNUSED_VARIABLE = YES;
				MTL_ENABLE_DEBUG_INFO = INCLUDE_SOURCE;
				MTL_FAST_MATH = YES;
				ONLY_ACTIVE_ARCH = YES;
				SWIFT_ACTIVE_COMPILATION_CONDITIONS = DEBUG;
				SWIFT_OPTIMIZATION_LEVEL = "-Onone";
			};
			name = Debug;
		};
		2AECBF2229DE5E3A000F9A90 /* Release */ = {
			isa = XCBuildConfiguration;
			buildSettings = {
				ALWAYS_SEARCH_USER_PATHS = NO;
				CLANG_ANALYZER_NONNULL = YES;
				CLANG_ANALYZER_NUMBER_OBJECT_CONVERSION = YES_AGGRESSIVE;
				CLANG_CXX_LANGUAGE_STANDARD = "gnu++20";
				CLANG_ENABLE_MODULES = YES;
				CLANG_ENABLE_OBJC_ARC = YES;
				CLANG_ENABLE_OBJC_WEAK = YES;
				CLANG_WARN_BLOCK_CAPTURE_AUTORELEASING = YES;
				CLANG_WARN_BOOL_CONVERSION = YES;
				CLANG_WARN_COMMA = YES;
				CLANG_WARN_CONSTANT_CONVERSION = YES;
				CLANG_WARN_DEPRECATED_OBJC_IMPLEMENTATIONS = YES;
				CLANG_WARN_DIRECT_OBJC_ISA_USAGE = YES_ERROR;
				CLANG_WARN_DOCUMENTATION_COMMENTS = YES;
				CLANG_WARN_EMPTY_BODY = YES;
				CLANG_WARN_ENUM_CONVERSION = YES;
				CLANG_WARN_INFINITE_RECURSION = YES;
				CLANG_WARN_INT_CONVERSION = YES;
				CLANG_WARN_NON_LITERAL_NULL_CONVERSION = YES;
				CLANG_WARN_OBJC_IMPLICIT_RETAIN_SELF = YES;
				CLANG_WARN_OBJC_LITERAL_CONVERSION = YES;
				CLANG_WARN_OBJC_ROOT_CLASS = YES_ERROR;
				CLANG_WARN_QUOTED_INCLUDE_IN_FRAMEWORK_HEADER = YES;
				CLANG_WARN_RANGE_LOOP_ANALYSIS = YES;
				CLANG_WARN_STRICT_PROTOTYPES = YES;
				CLANG_WARN_SUSPICIOUS_MOVE = YES;
				CLANG_WARN_UNGUARDED_AVAILABILITY = YES_AGGRESSIVE;
				CLANG_WARN_UNREACHABLE_CODE = YES;
				CLANG_WARN__DUPLICATE_METHOD_MATCH = YES;
				COPY_PHASE_STRIP = NO;
				DEBUG_INFORMATION_FORMAT = "dwarf-with-dsym";
				ENABLE_NS_ASSERTIONS = NO;
				ENABLE_STRICT_OBJC_MSGSEND = YES;
				GCC_C_LANGUAGE_STANDARD = gnu11;
				GCC_NO_COMMON_BLOCKS = YES;
				GCC_WARN_64_TO_32_BIT_CONVERSION = YES;
				GCC_WARN_ABOUT_RETURN_TYPE = YES_ERROR;
				GCC_WARN_UNDECLARED_SELECTOR = YES;
				GCC_WARN_UNINITIALIZED_AUTOS = YES_AGGRESSIVE;
				GCC_WARN_UNUSED_FUNCTION = YES;
				GCC_WARN_UNUSED_VARIABLE = YES;
				MTL_ENABLE_DEBUG_INFO = NO;
				MTL_FAST_MATH = YES;
				SWIFT_COMPILATION_MODE = wholemodule;
				SWIFT_OPTIMIZATION_LEVEL = "-O";
			};
			name = Release;
		};
		2AECBF2429DE5E3A000F9A90 /* Debug */ = {
			isa = XCBuildConfiguration;
			buildSettings = {
				ASSETCATALOG_COMPILER_APPICON_NAME = AppIcon;
				ASSETCATALOG_COMPILER_GLOBAL_ACCENT_COLOR_NAME = AccentColor;
				CODE_SIGN_STYLE = Automatic;
				CURRENT_PROJECT_VERSION = 1;
				DEVELOPMENT_ASSET_PATHS = "\"CounterConnect Watch App/Preview Content\"";
				DEVELOPMENT_TEAM = 39JATSZXJT;
				ENABLE_PREVIEWS = YES;
				GENERATE_INFOPLIST_FILE = YES;
				INFOPLIST_KEY_CFBundleDisplayName = CounterConnect;
				INFOPLIST_KEY_UISupportedInterfaceOrientations = "UIInterfaceOrientationPortrait UIInterfaceOrientationPortraitUpsideDown";
				INFOPLIST_KEY_WKCompanionAppBundleIdentifier = com.Deok.CounterConnect;
				LD_RUNPATH_SEARCH_PATHS = (
					"$(inherited)",
					"@executable_path/Frameworks",
				);
				MARKETING_VERSION = 1.0;
				PRODUCT_BUNDLE_IDENTIFIER = com.Deok.hellowatch.watchkitapp;
				PRODUCT_NAME = "$(TARGET_NAME)";
				SDKROOT = watchos;
				SKIP_INSTALL = YES;
				SWIFT_EMIT_LOC_STRINGS = YES;
				SWIFT_VERSION = 5.0;
				TARGETED_DEVICE_FAMILY = 4;
				WATCHOS_DEPLOYMENT_TARGET = 9.4;
			};
			name = Debug;
		};
		2AECBF2529DE5E3A000F9A90 /* Release */ = {
			isa = XCBuildConfiguration;
			buildSettings = {
				ASSETCATALOG_COMPILER_APPICON_NAME = AppIcon;
				ASSETCATALOG_COMPILER_GLOBAL_ACCENT_COLOR_NAME = AccentColor;
				CODE_SIGN_STYLE = Automatic;
				CURRENT_PROJECT_VERSION = 1;
				DEVELOPMENT_ASSET_PATHS = "\"CounterConnect Watch App/Preview Content\"";
				DEVELOPMENT_TEAM = 39JATSZXJT;
				ENABLE_PREVIEWS = YES;
				GENERATE_INFOPLIST_FILE = YES;
				INFOPLIST_KEY_CFBundleDisplayName = CounterConnect;
				INFOPLIST_KEY_UISupportedInterfaceOrientations = "UIInterfaceOrientationPortrait UIInterfaceOrientationPortraitUpsideDown";
				INFOPLIST_KEY_WKCompanionAppBundleIdentifier = com.Deok.CounterConnect;
				LD_RUNPATH_SEARCH_PATHS = (
					"$(inherited)",
					"@executable_path/Frameworks",
				);
				MARKETING_VERSION = 1.0;
				PRODUCT_BUNDLE_IDENTIFIER = com.Deok.hellowatch.watchkitapp;
				PRODUCT_NAME = "$(TARGET_NAME)";
				SDKROOT = watchos;
				SKIP_INSTALL = YES;
				SWIFT_EMIT_LOC_STRINGS = YES;
				SWIFT_VERSION = 5.0;
				TARGETED_DEVICE_FAMILY = 4;
				VALIDATE_PRODUCT = YES;
				WATCHOS_DEPLOYMENT_TARGET = 9.4;
			};
			name = Release;
		};
		2AECBF2829DE5E3A000F9A90 /* Debug */ = {
			isa = XCBuildConfiguration;
			buildSettings = {
				ALWAYS_EMBED_SWIFT_STANDARD_LIBRARIES = YES;
				ASSETCATALOG_COMPILER_APPICON_NAME = AppIcon;
				ASSETCATALOG_COMPILER_GLOBAL_ACCENT_COLOR_NAME = AccentColor;
				CODE_SIGN_STYLE = Automatic;
				CURRENT_PROJECT_VERSION = 1;
				DEVELOPMENT_ASSET_PATHS = "\"CounterConnect/Preview Content\"";
				DEVELOPMENT_TEAM = 39JATSZXJT;
				ENABLE_PREVIEWS = YES;
				GENERATE_INFOPLIST_FILE = YES;
				INFOPLIST_KEY_CFBundleDisplayName = CounterConnect;
				INFOPLIST_KEY_UIApplicationSceneManifest_Generation = YES;
				INFOPLIST_KEY_UIApplicationSupportsIndirectInputEvents = YES;
				INFOPLIST_KEY_UILaunchScreen_Generation = YES;
				INFOPLIST_KEY_UISupportedInterfaceOrientations_iPad = "UIInterfaceOrientationPortrait UIInterfaceOrientationPortraitUpsideDown UIInterfaceOrientationLandscapeLeft UIInterfaceOrientationLandscapeRight";
				INFOPLIST_KEY_UISupportedInterfaceOrientations_iPhone = "UIInterfaceOrientationPortrait UIInterfaceOrientationLandscapeLeft UIInterfaceOrientationLandscapeRight";
				IPHONEOS_DEPLOYMENT_TARGET = 16.4;
				LD_RUNPATH_SEARCH_PATHS = (
					"$(inherited)",
					"@executable_path/Frameworks",
				);
				MARKETING_VERSION = 1.0;
				PRODUCT_BUNDLE_IDENTIFIER = com.Deok.hellowatch;
				PRODUCT_NAME = "$(TARGET_NAME)";
				SDKROOT = iphoneos;
				SWIFT_EMIT_LOC_STRINGS = YES;
				SWIFT_VERSION = 5.0;
				TARGETED_DEVICE_FAMILY = "1,2";
			};
			name = Debug;
		};
		2AECBF2929DE5E3A000F9A90 /* Release */ = {
			isa = XCBuildConfiguration;
			buildSettings = {
				ALWAYS_EMBED_SWIFT_STANDARD_LIBRARIES = YES;
				ASSETCATALOG_COMPILER_APPICON_NAME = AppIcon;
				ASSETCATALOG_COMPILER_GLOBAL_ACCENT_COLOR_NAME = AccentColor;
				CODE_SIGN_STYLE = Automatic;
				CURRENT_PROJECT_VERSION = 1;
				DEVELOPMENT_ASSET_PATHS = "\"CounterConnect/Preview Content\"";
				DEVELOPMENT_TEAM = 39JATSZXJT;
				ENABLE_PREVIEWS = YES;
				GENERATE_INFOPLIST_FILE = YES;
				INFOPLIST_KEY_CFBundleDisplayName = CounterConnect;
				INFOPLIST_KEY_UIApplicationSceneManifest_Generation = YES;
				INFOPLIST_KEY_UIApplicationSupportsIndirectInputEvents = YES;
				INFOPLIST_KEY_UILaunchScreen_Generation = YES;
				INFOPLIST_KEY_UISupportedInterfaceOrientations_iPad = "UIInterfaceOrientationPortrait UIInterfaceOrientationPortraitUpsideDown UIInterfaceOrientationLandscapeLeft UIInterfaceOrientationLandscapeRight";
				INFOPLIST_KEY_UISupportedInterfaceOrientations_iPhone = "UIInterfaceOrientationPortrait UIInterfaceOrientationLandscapeLeft UIInterfaceOrientationLandscapeRight";
				IPHONEOS_DEPLOYMENT_TARGET = 16.4;
				LD_RUNPATH_SEARCH_PATHS = (
					"$(inherited)",
					"@executable_path/Frameworks",
				);
				MARKETING_VERSION = 1.0;
				PRODUCT_BUNDLE_IDENTIFIER = com.Deok.hellowatch;
				PRODUCT_NAME = "$(TARGET_NAME)";
				SDKROOT = iphoneos;
				SWIFT_EMIT_LOC_STRINGS = YES;
				SWIFT_VERSION = 5.0;
				TARGETED_DEVICE_FAMILY = "1,2";
				VALIDATE_PRODUCT = YES;
			};
			name = Release;
		};
/* End XCBuildConfiguration section */

/* Begin XCConfigurationList section */
		2AECBEFE29DE5E37000F9A90 /* Build configuration list for PBXProject "CounterConnect" */ = {
			isa = XCConfigurationList;
			buildConfigurations = (
				2AECBF2129DE5E3A000F9A90 /* Debug */,
				2AECBF2229DE5E3A000F9A90 /* Release */,
			);
			defaultConfigurationIsVisible = 0;
			defaultConfigurationName = Release;
		};
		2AECBF2329DE5E3A000F9A90 /* Build configuration list for PBXNativeTarget "CounterConnect Watch App" */ = {
			isa = XCConfigurationList;
			buildConfigurations = (
				2AECBF2429DE5E3A000F9A90 /* Debug */,
				2AECBF2529DE5E3A000F9A90 /* Release */,
			);
			defaultConfigurationIsVisible = 0;
			defaultConfigurationName = Release;
		};
		2AECBF2729DE5E3A000F9A90 /* Build configuration list for PBXNativeTarget "CounterConnect" */ = {
			isa = XCConfigurationList;
			buildConfigurations = (
				2AECBF2829DE5E3A000F9A90 /* Debug */,
				2AECBF2929DE5E3A000F9A90 /* Release */,
			);
			defaultConfigurationIsVisible = 0;
			defaultConfigurationName = Release;
		};
/* End XCConfigurationList section */
	};
	rootObject = 2AECBEFB29DE5E37000F9A90 /* Project object */;
}
