// !$*UTF8*$!
{
	archiveVersion = 1;
	classes = {
	};
	objectVersion = 56;
	objects = {

/* Begin PBXBuildFile section */
		2A97CCEE298BD35E00DACDEE /* SymbolGridApp.swift in Sources */ = {isa = PBXBuildFile; fileRef = 2A97CCED298BD35E00DACDEE /* SymbolGridApp.swift */; };
		2A97CCF0298BD35E00DACDEE /* ContentView.swift in Sources */ = {isa = PBXBuildFile; fileRef = 2A97CCEF298BD35E00DACDEE /* ContentView.swift */; };
		2A97CCF2298BD36000DACDEE /* Assets.xcassets in Resources */ = {isa = PBXBuildFile; fileRef = 2A97CCF1298BD36000DACDEE /* Assets.xcassets */; };
		2A97CCF5298BD36000DACDEE /* Preview Assets.xcassets in Resources */ = {isa = PBXBuildFile; fileRef = 2A97CCF4298BD36000DACDEE /* Preview Assets.xcassets */; };
		2A97CCFC298BD37900DACDEE /* Symbol.swift in Sources */ = {isa = PBXBuildFile; fileRef = 2A97CCFB298BD37900DACDEE /* Symbol.swift */; };
		2A97CCFE298BD57C00DACDEE /* SymbolDetail.swift in Sources */ = {isa = PBXBuildFile; fileRef = 2A97CCFD298BD57C00DACDEE /* SymbolDetail.swift */; };
		2A97CD00298BDCB600DACDEE /* SymbolGrid.swift in Sources */ = {isa = PBXBuildFile; fileRef = 2A97CCFF298BDCB600DACDEE /* SymbolGrid.swift */; };
		2A97CD1C298C26F700DACDEE /* SymbolPicker.swift in Sources */ = {isa = PBXBuildFile; fileRef = 2A97CD1B298C26F700DACDEE /* SymbolPicker.swift */; };
/* End PBXBuildFile section */

/* Begin PBXFileReference section */
		2A97CCEA298BD35E00DACDEE /* SymbolGrid.app */ = {isa = PBXFileReference; explicitFileType = wrapper.application; includeInIndex = 0; path = SymbolGrid.app; sourceTree = BUILT_PRODUCTS_DIR; };
		2A97CCED298BD35E00DACDEE /* SymbolGridApp.swift */ = {isa = PBXFileReference; lastKnownFileType = sourcecode.swift; path = SymbolGridApp.swift; sourceTree = "<group>"; };
		2A97CCEF298BD35E00DACDEE /* ContentView.swift */ = {isa = PBXFileReference; lastKnownFileType = sourcecode.swift; path = ContentView.swift; sourceTree = "<group>"; };
		2A97CCF1298BD36000DACDEE /* Assets.xcassets */ = {isa = PBXFileReference; lastKnownFileType = folder.assetcatalog; path = Assets.xcassets; sourceTree = "<group>"; };
		2A97CCF4298BD36000DACDEE /* Preview Assets.xcassets */ = {isa = PBXFileReference; lastKnownFileType = folder.assetcatalog; path = "Preview Assets.xcassets"; sourceTree = "<group>"; };
		2A97CCFB298BD37900DACDEE /* Symbol.swift */ = {isa = PBXFileReference; lastKnownFileType = sourcecode.swift; path = Symbol.swift; sourceTree = "<group>"; };
		2A97CCFD298BD57C00DACDEE /* SymbolDetail.swift */ = {isa = PBXFileReference; lastKnownFileType = sourcecode.swift; path = SymbolDetail.swift; sourceTree = "<group>"; };
		2A97CCFF298BDCB600DACDEE /* SymbolGrid.swift */ = {isa = PBXFileReference; lastKnownFileType = sourcecode.swift; path = SymbolGrid.swift; sourceTree = "<group>"; };
		2A97CD1B298C26F700DACDEE /* SymbolPicker.swift */ = {isa = PBXFileReference; lastKnownFileType = sourcecode.swift; path = SymbolPicker.swift; sourceTree = "<group>"; };
/* End PBXFileReference section */

/* Begin PBXFrameworksBuildPhase section */
		2A97CCE7298BD35E00DACDEE /* Frameworks */ = {
			isa = PBXFrameworksBuildPhase;
			buildActionMask = 2147483647;
			files = (
			);
			runOnlyForDeploymentPostprocessing = 0;
		};
/* End PBXFrameworksBuildPhase section */

/* Begin PBXGroup section */
		2A97CCE1298BD35E00DACDEE = {
			isa = PBXGroup;
			children = (
				2A97CCEC298BD35E00DACDEE /* SymbolGrid */,
				2A97CCEB298BD35E00DACDEE /* Products */,
			);
			sourceTree = "<group>";
		};
		2A97CCEB298BD35E00DACDEE /* Products */ = {
			isa = PBXGroup;
			children = (
				2A97CCEA298BD35E00DACDEE /* SymbolGrid.app */,
			);
			name = Products;
			sourceTree = "<group>";
		};
		2A97CCEC298BD35E00DACDEE /* SymbolGrid */ = {
			isa = PBXGroup;
			children = (
				2A97CCED298BD35E00DACDEE /* SymbolGridApp.swift */,
				2A97CCEF298BD35E00DACDEE /* ContentView.swift */,
				2A97CCFB298BD37900DACDEE /* Symbol.swift */,
				2A97CD1B298C26F700DACDEE /* SymbolPicker.swift */,
				2A97CCFD298BD57C00DACDEE /* SymbolDetail.swift */,
				2A97CCFF298BDCB600DACDEE /* SymbolGrid.swift */,
				2A97CCF1298BD36000DACDEE /* Assets.xcassets */,
				2A97CCF3298BD36000DACDEE /* Preview Content */,
			);
			path = SymbolGrid;
			sourceTree = "<group>";
		};
		2A97CCF3298BD36000DACDEE /* Preview Content */ = {
			isa = PBXGroup;
			children = (
				2A97CCF4298BD36000DACDEE /* Preview Assets.xcassets */,
			);
			path = "Preview Content";
			sourceTree = "<group>";
		};
/* End PBXGroup section */

/* Begin PBXNativeTarget section */
		2A97CCE9298BD35E00DACDEE /* SymbolGrid */ = {
			isa = PBXNativeTarget;
			buildConfigurationList = 2A97CCF8298BD36000DACDEE /* Build configuration list for PBXNativeTarget "SymbolGrid" */;
			buildPhases = (
				2A97CCE6298BD35E00DACDEE /* Sources */,
				2A97CCE7298BD35E00DACDEE /* Frameworks */,
				2A97CCE8298BD35E00DACDEE /* Resources */,
			);
			buildRules = (
			);
			dependencies = (
			);
			name = SymbolGrid;
			productName = SymbolGrid;
			productReference = 2A97CCEA298BD35E00DACDEE /* SymbolGrid.app */;
			productType = "com.apple.product-type.application";
		};
/* End PBXNativeTarget section */

/* Begin PBXProject section */
		2A97CCE2298BD35E00DACDEE /* Project object */ = {
			isa = PBXProject;
			attributes = {
				BuildIndependentTargetsInParallel = 1;
				LastSwiftUpdateCheck = 1420;
				LastUpgradeCheck = 1420;
				TargetAttributes = {
					2A97CCE9298BD35E00DACDEE = {
						CreatedOnToolsVersion = 14.2;
					};
				};
			};
			buildConfigurationList = 2A97CCE5298BD35E00DACDEE /* Build configuration list for PBXProject "SymbolGrid" */;
			compatibilityVersion = "Xcode 14.0";
			developmentRegion = en;
			hasScannedForEncodings = 0;
			knownRegions = (
				en,
				Base,
			);
			mainGroup = 2A97CCE1298BD35E00DACDEE;
			productRefGroup = 2A97CCEB298BD35E00DACDEE /* Products */;
			projectDirPath = "";
			projectRoot = "";
			targets = (
				2A97CCE9298BD35E00DACDEE /* SymbolGrid */,
			);
		};
/* End PBXProject section */

/* Begin PBXResourcesBuildPhase section */
		2A97CCE8298BD35E00DACDEE /* Resources */ = {
			isa = PBXResourcesBuildPhase;
			buildActionMask = 2147483647;
			files = (
				2A97CCF5298BD36000DACDEE /* Preview Assets.xcassets in Resources */,
				2A97CCF2298BD36000DACDEE /* Assets.xcassets in Resources */,
			);
			runOnlyForDeploymentPostprocessing = 0;
		};
/* End PBXResourcesBuildPhase section */

/* Begin PBXSourcesBuildPhase section */
		2A97CCE6298BD35E00DACDEE /* Sources */ = {
			isa = PBXSourcesBuildPhase;
			buildActionMask = 2147483647;
			files = (
				2A97CCF0298BD35E00DACDEE /* ContentView.swift in Sources */,
				2A97CCEE298BD35E00DACDEE /* SymbolGridApp.swift in Sources */,
				2A97CD00298BDCB600DACDEE /* SymbolGrid.swift in Sources */,
				2A97CD1C298C26F700DACDEE /* SymbolPicker.swift in Sources */,
				2A97CCFE298BD57C00DACDEE /* SymbolDetail.swift in Sources */,
				2A97CCFC298BD37900DACDEE /* Symbol.swift in Sources */,
			);
			runOnlyForDeploymentPostprocessing = 0;
		};
/* End PBXSourcesBuildPhase section */

/* Begin XCBuildConfiguration section */
		2A97CCF6298BD36000DACDEE /* Debug */ = {
			isa = XCBuildConfiguration;
			buildSettings = {
				ALWAYS_SEARCH_USER_PATHS = NO;
				CLANG_ANALYZER_NONNULL = YES;
				CLANG_ANALYZER_NUMBER_OBJECT_CONVERSION = YES_AGGRESSIVE;
				CLANG_CXX_LANGUAGE_STANDARD = "gnu++20";
				CLANG_ENABLE_MODULES = YES;
				CLANG_ENABLE_OBJC_ARC = YES;
				CLANG_ENABLE_OBJC_WEAK = YES;
				CLANG_WARN_BLOCK_CAPTURE_AUTORELEASING = YES;
				CLANG_WARN_BOOL_CONVERSION = YES;
				CLANG_WARN_COMMA = YES;
				CLANG_WARN_CONSTANT_CONVERSION = YES;
				CLANG_WARN_DEPRECATED_OBJC_IMPLEMENTATIONS = YES;
				CLANG_WARN_DIRECT_OBJC_ISA_USAGE = YES_ERROR;
				CLANG_WARN_DOCUMENTATION_COMMENTS = YES;
				CLANG_WARN_EMPTY_BODY = YES;
				CLANG_WARN_ENUM_CONVERSION = YES;
				CLANG_WARN_INFINITE_RECURSION = YES;
				CLANG_WARN_INT_CONVERSION = YES;
				CLANG_WARN_NON_LITERAL_NULL_CONVERSION = YES;
				CLANG_WARN_OBJC_IMPLICIT_RETAIN_SELF = YES;
				CLANG_WARN_OBJC_LITERAL_CONVERSION = YES;
				CLANG_WARN_OBJC_ROOT_CLASS = YES_ERROR;
				CLANG_WARN_QUOTED_INCLUDE_IN_FRAMEWORK_HEADER = YES;
				CLANG_WARN_RANGE_LOOP_ANALYSIS = YES;
				CLANG_WARN_STRICT_PROTOTYPES = YES;
				CLANG_WARN_SUSPICIOUS_MOVE = YES;
				CLANG_WARN_UNGUARDED_AVAILABILITY = YES_AGGRESSIVE;
				CLANG_WARN_UNREACHABLE_CODE = YES;
				CLANG_WARN__DUPLICATE_METHOD_MATCH = YES;
				COPY_PHASE_STRIP = NO;
				DEBUG_INFORMATION_FORMAT = dwarf;
				ENABLE_STRICT_OBJC_MSGSEND = YES;
				ENABLE_TESTABILITY = YES;
				GCC_C_LANGUAGE_STANDARD = gnu11;
				GCC_DYNAMIC_NO_PIC = NO;
				GCC_NO_COMMON_BLOCKS = YES;
				GCC_OPTIMIZATION_LEVEL = 0;
				GCC_PREPROCESSOR_DEFINITIONS = (
					"DEBUG=1",
					"$(inherited)",
				);
				GCC_WARN_64_TO_32_BIT_CONVERSION = YES;
				GCC_WARN_ABOUT_RETURN_TYPE = YES_ERROR;
				GCC_WARN_UNDECLARED_SELECTOR = YES;
				GCC_WARN_UNINITIALIZED_AUTOS = YES_AGGRESSIVE;
				GCC_WARN_UNUSED_FUNCTION = YES;
				GCC_WARN_UNUSED_VARIABLE = YES;
				IPHONEOS_DEPLOYMENT_TARGET = 16.2;
				MTL_ENABLE_DEBUG_INFO = INCLUDE_SOURCE;
				MTL_FAST_MATH = YES;
				ONLY_ACTIVE_ARCH = YES;
				SDKROOT = iphoneos;
				SWIFT_ACTIVE_COMPILATION_CONDITIONS = DEBUG;
				SWIFT_OPTIMIZATION_LEVEL = "-Onone";
			};
			name = Debug;
		};
		2A97CCF7298BD36000DACDEE /* Release */ = {
			isa = XCBuildConfiguration;
			buildSettings = {
				ALWAYS_SEARCH_USER_PATHS = NO;
				CLANG_ANALYZER_NONNULL = YES;
				CLANG_ANALYZER_NUMBER_OBJECT_CONVERSION = YES_AGGRESSIVE;
				CLANG_CXX_LANGUAGE_STANDARD = "gnu++20";
				CLANG_ENABLE_MODULES = YES;
				CLANG_ENABLE_OBJC_ARC = YES;
				CLANG_ENABLE_OBJC_WEAK = YES;
				CLANG_WARN_BLOCK_CAPTURE_AUTORELEASING = YES;
				CLANG_WARN_BOOL_CONVERSION = YES;
				CLANG_WARN_COMMA = YES;
				CLANG_WARN_CONSTANT_CONVERSION = YES;
				CLANG_WARN_DEPRECATED_OBJC_IMPLEMENTATIONS = YES;
				CLANG_WARN_DIRECT_OBJC_ISA_USAGE = YES_ERROR;
				CLANG_WARN_DOCUMENTATION_COMMENTS = YES;
				CLANG_WARN_EMPTY_BODY = YES;
				CLANG_WARN_ENUM_CONVERSION = YES;
				CLANG_WARN_INFINITE_RECURSION = YES;
				CLANG_WARN_INT_CONVERSION = YES;
				CLANG_WARN_NON_LITERAL_NULL_CONVERSION = YES;
				CLANG_WARN_OBJC_IMPLICIT_RETAIN_SELF = YES;
				CLANG_WARN_OBJC_LITERAL_CONVERSION = YES;
				CLANG_WARN_OBJC_ROOT_CLASS = YES_ERROR;
				CLANG_WARN_QUOTED_INCLUDE_IN_FRAMEWORK_HEADER = YES;
				CLANG_WARN_RANGE_LOOP_ANALYSIS = YES;
				CLANG_WARN_STRICT_PROTOTYPES = YES;
				CLANG_WARN_SUSPICIOUS_MOVE = YES;
				CLANG_WARN_UNGUARDED_AVAILABILITY = YES_AGGRESSIVE;
				CLANG_WARN_UNREACHABLE_CODE = YES;
				CLANG_WARN__DUPLICATE_METHOD_MATCH = YES;
				COPY_PHASE_STRIP = NO;
				DEBUG_INFORMATION_FORMAT = "dwarf-with-dsym";
				ENABLE_NS_ASSERTIONS = NO;
				ENABLE_STRICT_OBJC_MSGSEND = YES;
				GCC_C_LANGUAGE_STANDARD = gnu11;
				GCC_NO_COMMON_BLOCKS = YES;
				GCC_WARN_64_TO_32_BIT_CONVERSION = YES;
				GCC_WARN_ABOUT_RETURN_TYPE = YES_ERROR;
				GCC_WARN_UNDECLARED_SELECTOR = YES;
				GCC_WARN_UNINITIALIZED_AUTOS = YES_AGGRESSIVE;
				GCC_WARN_UNUSED_FUNCTION = YES;
				GCC_WARN_UNUSED_VARIABLE = YES;
				IPHONEOS_DEPLOYMENT_TARGET = 16.2;
				MTL_ENABLE_DEBUG_INFO = NO;
				MTL_FAST_MATH = YES;
				SDKROOT = iphoneos;
				SWIFT_COMPILATION_MODE = wholemodule;
				SWIFT_OPTIMIZATION_LEVEL = "-O";
				VALIDATE_PRODUCT = YES;
			};
			name = Release;
		};
		2A97CCF9298BD36000DACDEE /* Debug */ = {
			isa = XCBuildConfiguration;
			buildSettings = {
				ASSETCATALOG_COMPILER_APPICON_NAME = AppIcon;
				ASSETCATALOG_COMPILER_GLOBAL_ACCENT_COLOR_NAME = AccentColor;
				CODE_SIGN_STYLE = Automatic;
				CURRENT_PROJECT_VERSION = 1;
				DEVELOPMENT_ASSET_PATHS = "\"SymbolGrid/Preview Content\"";
				DEVELOPMENT_TEAM = 39JATSZXJT;
				ENABLE_PREVIEWS = YES;
				GENERATE_INFOPLIST_FILE = YES;
				INFOPLIST_KEY_UIApplicationSceneManifest_Generation = YES;
				INFOPLIST_KEY_UIApplicationSupportsIndirectInputEvents = YES;
				INFOPLIST_KEY_UILaunchScreen_Generation = YES;
				INFOPLIST_KEY_UISupportedInterfaceOrientations_iPad = "UIInterfaceOrientationPortrait UIInterfaceOrientationPortraitUpsideDown UIInterfaceOrientationLandscapeLeft UIInterfaceOrientationLandscapeRight";
				INFOPLIST_KEY_UISupportedInterfaceOrientations_iPhone = "UIInterfaceOrientationPortrait UIInterfaceOrientationLandscapeLeft UIInterfaceOrientationLandscapeRight";
				LD_RUNPATH_SEARCH_PATHS = (
					"$(inherited)",
					"@executable_path/Frameworks",
				);
				MARKETING_VERSION = 1.0;
				PRODUCT_BUNDLE_IDENTIFIER = com.Deok.SymbolGrid;
				PRODUCT_NAME = "$(TARGET_NAME)";
				SWIFT_EMIT_LOC_STRINGS = YES;
				SWIFT_VERSION = 5.0;
				TARGETED_DEVICE_FAMILY = "1,2";
			};
			name = Debug;
		};
		2A97CCFA298BD36000DACDEE /* Release */ = {
			isa = XCBuildConfiguration;
			buildSettings = {
				ASSETCATALOG_COMPILER_APPICON_NAME = AppIcon;
				ASSETCATALOG_COMPILER_GLOBAL_ACCENT_COLOR_NAME = AccentColor;
				CODE_SIGN_STYLE = Automatic;
				CURRENT_PROJECT_VERSION = 1;
				DEVELOPMENT_ASSET_PATHS = "\"SymbolGrid/Preview Content\"";
				DEVELOPMENT_TEAM = 39JATSZXJT;
				ENABLE_PREVIEWS = YES;
				GENERATE_INFOPLIST_FILE = YES;
				INFOPLIST_KEY_UIApplicationSceneManifest_Generation = YES;
				INFOPLIST_KEY_UIApplicationSupportsIndirectInputEvents = YES;
				INFOPLIST_KEY_UILaunchScreen_Generation = YES;
				INFOPLIST_KEY_UISupportedInterfaceOrientations_iPad = "UIInterfaceOrientationPortrait UIInterfaceOrientationPortraitUpsideDown UIInterfaceOrientationLandscapeLeft UIInterfaceOrientationLandscapeRight";
				INFOPLIST_KEY_UISupportedInterfaceOrientations_iPhone = "UIInterfaceOrientationPortrait UIInterfaceOrientationLandscapeLeft UIInterfaceOrientationLandscapeRight";
				LD_RUNPATH_SEARCH_PATHS = (
					"$(inherited)",
					"@executable_path/Frameworks",
				);
				MARKETING_VERSION = 1.0;
				PRODUCT_BUNDLE_IDENTIFIER = com.Deok.SymbolGrid;
				PRODUCT_NAME = "$(TARGET_NAME)";
				SWIFT_EMIT_LOC_STRINGS = YES;
				SWIFT_VERSION = 5.0;
				TARGETED_DEVICE_FAMILY = "1,2";
			};
			name = Release;
		};
/* End XCBuildConfiguration section */

/* Begin XCConfigurationList section */
		2A97CCE5298BD35E00DACDEE /* Build configuration list for PBXProject "SymbolGrid" */ = {
			isa = XCConfigurationList;
			buildConfigurations = (
				2A97CCF6298BD36000DACDEE /* Debug */,
				2A97CCF7298BD36000DACDEE /* Release */,
			);
			defaultConfigurationIsVisible = 0;
			defaultConfigurationName = Release;
		};
		2A97CCF8298BD36000DACDEE /* Build configuration list for PBXNativeTarget "SymbolGrid" */ = {
			isa = XCConfigurationList;
			buildConfigurations = (
				2A97CCF9298BD36000DACDEE /* Debug */,
				2A97CCFA298BD36000DACDEE /* Release */,
			);
			defaultConfigurationIsVisible = 0;
			defaultConfigurationName = Release;
		};
/* End XCConfigurationList section */
	};
	rootObject = 2A97CCE2298BD35E00DACDEE /* Project object */;
}
