// !$*UTF8*$!
{
	archiveVersion = 1;
	classes = {
	};
	objectVersion = 56;
	objects = {

/* Begin PBXBuildFile section */
		2A37F50C29F981A100D1F9D9 /* CountConnect2App.swift in Sources */ = {isa = PBXBuildFile; fileRef = 2A37F50B29F981A000D1F9D9 /* CountConnect2App.swift */; };
		2A37F50E29F981A100D1F9D9 /* ContentView.swift in Sources */ = {isa = PBXBuildFile; fileRef = 2A37F50D29F981A100D1F9D9 /* ContentView.swift */; };
		2A37F51029F981A300D1F9D9 /* Assets.xcassets in Resources */ = {isa = PBXBuildFile; fileRef = 2A37F50F29F981A300D1F9D9 /* Assets.xcassets */; };
		2A37F51329F981A300D1F9D9 /* Preview Assets.xcassets in Resources */ = {isa = PBXBuildFile; fileRef = 2A37F51229F981A300D1F9D9 /* Preview Assets.xcassets */; };
		2A37F51929F981A300D1F9D9 /* CountConnect2 Watch App.app in Embed Watch Content */ = {isa = PBXBuildFile; fileRef = 2A37F51829F981A300D1F9D9 /* CountConnect2 Watch App.app */; settings = {ATTRIBUTES = (RemoveHeadersOnCopy, ); }; };
		2A37F51E29F981A300D1F9D9 /* CountConnect2App.swift in Sources */ = {isa = PBXBuildFile; fileRef = 2A37F51D29F981A300D1F9D9 /* CountConnect2App.swift */; };
		2A37F52029F981A300D1F9D9 /* ContentView.swift in Sources */ = {isa = PBXBuildFile; fileRef = 2A37F51F29F981A300D1F9D9 /* ContentView.swift */; };
		2A37F52229F981A300D1F9D9 /* Assets.xcassets in Resources */ = {isa = PBXBuildFile; fileRef = 2A37F52129F981A300D1F9D9 /* Assets.xcassets */; };
		2A37F52529F981A300D1F9D9 /* Preview Assets.xcassets in Resources */ = {isa = PBXBuildFile; fileRef = 2A37F52429F981A300D1F9D9 /* Preview Assets.xcassets */; };
		2A37F53429F9829700D1F9D9 /* ViewModelPhone.swift in Sources */ = {isa = PBXBuildFile; fileRef = 2A37F53329F9829700D1F9D9 /* ViewModelPhone.swift */; };
		2A37F53629F982A300D1F9D9 /* ViewModelPhone.swift in Sources */ = {isa = PBXBuildFile; fileRef = 2A37F53529F982A300D1F9D9 /* ViewModelPhone.swift */; };
		2A37F53C29F9DA9D00D1F9D9 /* ViewModelWatch.swift in Sources */ = {isa = PBXBuildFile; fileRef = 2A37F53B29F9DA9C00D1F9D9 /* ViewModelWatch.swift */; };
/* End PBXBuildFile section */

/* Begin PBXContainerItemProxy section */
		2A37F51A29F981A300D1F9D9 /* PBXContainerItemProxy */ = {
			isa = PBXContainerItemProxy;
			containerPortal = 2A37F50029F981A000D1F9D9 /* Project object */;
			proxyType = 1;
			remoteGlobalIDString = 2A37F51729F981A300D1F9D9;
			remoteInfo = "CountConnect2 Watch App";
		};
/* End PBXContainerItemProxy section */

/* Begin PBXCopyFilesBuildPhase section */
		2A37F52B29F981A300D1F9D9 /* Embed Watch Content */ = {
			isa = PBXCopyFilesBuildPhase;
			buildActionMask = 2147483647;
			dstPath = "$(CONTENTS_FOLDER_PATH)/Watch";
			dstSubfolderSpec = 16;
			files = (
				2A37F51929F981A300D1F9D9 /* CountConnect2 Watch App.app in Embed Watch Content */,
			);
			name = "Embed Watch Content";
			runOnlyForDeploymentPostprocessing = 0;
		};
/* End PBXCopyFilesBuildPhase section */

/* Begin PBXFileReference section */
		2A37F50829F981A000D1F9D9 /* CountConnect2.app */ = {isa = PBXFileReference; explicitFileType = wrapper.application; includeInIndex = 0; path = CountConnect2.app; sourceTree = BUILT_PRODUCTS_DIR; };
		2A37F50B29F981A000D1F9D9 /* CountConnect2App.swift */ = {isa = PBXFileReference; lastKnownFileType = sourcecode.swift; path = CountConnect2App.swift; sourceTree = "<group>"; };
		2A37F50D29F981A100D1F9D9 /* ContentView.swift */ = {isa = PBXFileReference; lastKnownFileType = sourcecode.swift; path = ContentView.swift; sourceTree = "<group>"; };
		2A37F50F29F981A300D1F9D9 /* Assets.xcassets */ = {isa = PBXFileReference; lastKnownFileType = folder.assetcatalog; path = Assets.xcassets; sourceTree = "<group>"; };
		2A37F51229F981A300D1F9D9 /* Preview Assets.xcassets */ = {isa = PBXFileReference; lastKnownFileType = folder.assetcatalog; path = "Preview Assets.xcassets"; sourceTree = "<group>"; };
		2A37F51829F981A300D1F9D9 /* CountConnect2 Watch App.app */ = {isa = PBXFileReference; explicitFileType = wrapper.application; includeInIndex = 0; path = "CountConnect2 Watch App.app"; sourceTree = BUILT_PRODUCTS_DIR; };
		2A37F51D29F981A300D1F9D9 /* CountConnect2App.swift */ = {isa = PBXFileReference; lastKnownFileType = sourcecode.swift; path = CountConnect2App.swift; sourceTree = "<group>"; };
		2A37F51F29F981A300D1F9D9 /* ContentView.swift */ = {isa = PBXFileReference; lastKnownFileType = sourcecode.swift; path = ContentView.swift; sourceTree = "<group>"; };
		2A37F52129F981A300D1F9D9 /* Assets.xcassets */ = {isa = PBXFileReference; lastKnownFileType = folder.assetcatalog; path = Assets.xcassets; sourceTree = "<group>"; };
		2A37F52429F981A300D1F9D9 /* Preview Assets.xcassets */ = {isa = PBXFileReference; lastKnownFileType = folder.assetcatalog; path = "Preview Assets.xcassets"; sourceTree = "<group>"; };
		2A37F53329F9829700D1F9D9 /* ViewModelPhone.swift */ = {isa = PBXFileReference; fileEncoding = 4; lastKnownFileType = sourcecode.swift; name = ViewModelPhone.swift; path = ../../../CounterConnect/CounterConnect/ViewModelPhone.swift; sourceTree = "<group>"; };
		2A37F53529F982A300D1F9D9 /* ViewModelPhone.swift */ = {isa = PBXFileReference; fileEncoding = 4; lastKnownFileType = sourcecode.swift; name = ViewModelPhone.swift; path = ../../CounterConnect/CounterConnect/ViewModelPhone.swift; sourceTree = "<group>"; };
		2A37F53B29F9DA9C00D1F9D9 /* ViewModelWatch.swift */ = {isa = PBXFileReference; fileEncoding = 4; lastKnownFileType = sourcecode.swift; path = ViewModelWatch.swift; sourceTree = "<group>"; };
/* End PBXFileReference section */

/* Begin PBXFrameworksBuildPhase section */
		2A37F50529F981A000D1F9D9 /* Frameworks */ = {
			isa = PBXFrameworksBuildPhase;
			buildActionMask = 2147483647;
			files = (
			);
			runOnlyForDeploymentPostprocessing = 0;
		};
		2A37F51529F981A300D1F9D9 /* Frameworks */ = {
			isa = PBXFrameworksBuildPhase;
			buildActionMask = 2147483647;
			files = (
			);
			runOnlyForDeploymentPostprocessing = 0;
		};
/* End PBXFrameworksBuildPhase section */

/* Begin PBXGroup section */
		2A37F4FF29F981A000D1F9D9 = {
			isa = PBXGroup;
			children = (
				2A37F50A29F981A000D1F9D9 /* CountConnect2 */,
				2A37F51C29F981A300D1F9D9 /* CountConnect2 Watch App */,
				2A37F50929F981A000D1F9D9 /* Products */,
			);
			sourceTree = "<group>";
		};
		2A37F50929F981A000D1F9D9 /* Products */ = {
			isa = PBXGroup;
			children = (
				2A37F50829F981A000D1F9D9 /* CountConnect2.app */,
				2A37F51829F981A300D1F9D9 /* CountConnect2 Watch App.app */,
			);
			name = Products;
			sourceTree = "<group>";
		};
		2A37F50A29F981A000D1F9D9 /* CountConnect2 */ = {
			isa = PBXGroup;
			children = (
				2A37F50B29F981A000D1F9D9 /* CountConnect2App.swift */,
				2A37F53529F982A300D1F9D9 /* ViewModelPhone.swift */,
				2A37F50D29F981A100D1F9D9 /* ContentView.swift */,
				2A37F50F29F981A300D1F9D9 /* Assets.xcassets */,
				2A37F51129F981A300D1F9D9 /* Preview Content */,
			);
			path = CountConnect2;
			sourceTree = "<group>";
		};
		2A37F51129F981A300D1F9D9 /* Preview Content */ = {
			isa = PBXGroup;
			children = (
				2A37F53329F9829700D1F9D9 /* ViewModelPhone.swift */,
				2A37F51229F981A300D1F9D9 /* Preview Assets.xcassets */,
			);
			path = "Preview Content";
			sourceTree = "<group>";
		};
		2A37F51C29F981A300D1F9D9 /* CountConnect2 Watch App */ = {
			isa = PBXGroup;
			children = (
				2A37F51D29F981A300D1F9D9 /* CountConnect2App.swift */,
				2A37F53B29F9DA9C00D1F9D9 /* ViewModelWatch.swift */,
				2A37F51F29F981A300D1F9D9 /* ContentView.swift */,
				2A37F52129F981A300D1F9D9 /* Assets.xcassets */,
				2A37F52329F981A300D1F9D9 /* Preview Content */,
			);
			path = "CountConnect2 Watch App";
			sourceTree = "<group>";
		};
		2A37F52329F981A300D1F9D9 /* Preview Content */ = {
			isa = PBXGroup;
			children = (
				2A37F52429F981A300D1F9D9 /* Preview Assets.xcassets */,
			);
			path = "Preview Content";
			sourceTree = "<group>";
		};
/* End PBXGroup section */

/* Begin PBXNativeTarget section */
		2A37F50729F981A000D1F9D9 /* CountConnect2 */ = {
			isa = PBXNativeTarget;
			buildConfigurationList = 2A37F52C29F981A300D1F9D9 /* Build configuration list for PBXNativeTarget "CountConnect2" */;
			buildPhases = (
				2A37F50429F981A000D1F9D9 /* Sources */,
				2A37F50529F981A000D1F9D9 /* Frameworks */,
				2A37F50629F981A000D1F9D9 /* Resources */,
				2A37F52B29F981A300D1F9D9 /* Embed Watch Content */,
			);
			buildRules = (
			);
			dependencies = (
				2A37F51B29F981A300D1F9D9 /* PBXTargetDependency */,
			);
			name = CountConnect2;
			productName = CountConnect2;
			productReference = 2A37F50829F981A000D1F9D9 /* CountConnect2.app */;
			productType = "com.apple.product-type.application";
		};
		2A37F51729F981A300D1F9D9 /* CountConnect2 Watch App */ = {
			isa = PBXNativeTarget;
			buildConfigurationList = 2A37F52829F981A300D1F9D9 /* Build configuration list for PBXNativeTarget "CountConnect2 Watch App" */;
			buildPhases = (
				2A37F51429F981A300D1F9D9 /* Sources */,
				2A37F51529F981A300D1F9D9 /* Frameworks */,
				2A37F51629F981A300D1F9D9 /* Resources */,
			);
			buildRules = (
			);
			dependencies = (
			);
			name = "CountConnect2 Watch App";
			productName = "CountConnect2 Watch App";
			productReference = 2A37F51829F981A300D1F9D9 /* CountConnect2 Watch App.app */;
			productType = "com.apple.product-type.application";
		};
/* End PBXNativeTarget section */

/* Begin PBXProject section */
		2A37F50029F981A000D1F9D9 /* Project object */ = {
			isa = PBXProject;
			attributes = {
				BuildIndependentTargetsInParallel = 1;
				LastSwiftUpdateCheck = 1430;
				LastUpgradeCheck = 1430;
				TargetAttributes = {
					2A37F50729F981A000D1F9D9 = {
						CreatedOnToolsVersion = 14.3;
					};
					2A37F51729F981A300D1F9D9 = {
						CreatedOnToolsVersion = 14.3;
					};
				};
			};
			buildConfigurationList = 2A37F50329F981A000D1F9D9 /* Build configuration list for PBXProject "CountConnect2" */;
			compatibilityVersion = "Xcode 14.0";
			developmentRegion = en;
			hasScannedForEncodings = 0;
			knownRegions = (
				en,
				Base,
			);
			mainGroup = 2A37F4FF29F981A000D1F9D9;
			productRefGroup = 2A37F50929F981A000D1F9D9 /* Products */;
			projectDirPath = "";
			projectRoot = "";
			targets = (
				2A37F50729F981A000D1F9D9 /* CountConnect2 */,
				2A37F51729F981A300D1F9D9 /* CountConnect2 Watch App */,
			);
		};
/* End PBXProject section */

/* Begin PBXResourcesBuildPhase section */
		2A37F50629F981A000D1F9D9 /* Resources */ = {
			isa = PBXResourcesBuildPhase;
			buildActionMask = 2147483647;
			files = (
				2A37F51329F981A300D1F9D9 /* Preview Assets.xcassets in Resources */,
				2A37F51029F981A300D1F9D9 /* Assets.xcassets in Resources */,
			);
			runOnlyForDeploymentPostprocessing = 0;
		};
		2A37F51629F981A300D1F9D9 /* Resources */ = {
			isa = PBXResourcesBuildPhase;
			buildActionMask = 2147483647;
			files = (
				2A37F52529F981A300D1F9D9 /* Preview Assets.xcassets in Resources */,
				2A37F52229F981A300D1F9D9 /* Assets.xcassets in Resources */,
			);
			runOnlyForDeploymentPostprocessing = 0;
		};
/* End PBXResourcesBuildPhase section */

/* Begin PBXSourcesBuildPhase section */
		2A37F50429F981A000D1F9D9 /* Sources */ = {
			isa = PBXSourcesBuildPhase;
			buildActionMask = 2147483647;
			files = (
				2A37F53629F982A300D1F9D9 /* ViewModelPhone.swift in Sources */,
				2A37F50E29F981A100D1F9D9 /* ContentView.swift in Sources */,
				2A37F53429F9829700D1F9D9 /* ViewModelPhone.swift in Sources */,
				2A37F50C29F981A100D1F9D9 /* CountConnect2App.swift in Sources */,
			);
			runOnlyForDeploymentPostprocessing = 0;
		};
		2A37F51429F981A300D1F9D9 /* Sources */ = {
			isa = PBXSourcesBuildPhase;
			buildActionMask = 2147483647;
			files = (
				2A37F52029F981A300D1F9D9 /* ContentView.swift in Sources */,
				2A37F53C29F9DA9D00D1F9D9 /* ViewModelWatch.swift in Sources */,
				2A37F51E29F981A300D1F9D9 /* CountConnect2App.swift in Sources */,
			);
			runOnlyForDeploymentPostprocessing = 0;
		};
/* End PBXSourcesBuildPhase section */

/* Begin PBXTargetDependency section */
		2A37F51B29F981A300D1F9D9 /* PBXTargetDependency */ = {
			isa = PBXTargetDependency;
			target = 2A37F51729F981A300D1F9D9 /* CountConnect2 Watch App */;
			targetProxy = 2A37F51A29F981A300D1F9D9 /* PBXContainerItemProxy */;
		};
/* End PBXTargetDependency section */

/* Begin XCBuildConfiguration section */
		2A37F52629F981A300D1F9D9 /* Debug */ = {
			isa = XCBuildConfiguration;
			buildSettings = {
				ALWAYS_SEARCH_USER_PATHS = NO;
				CLANG_ANALYZER_NONNULL = YES;
				CLANG_ANALYZER_NUMBER_OBJECT_CONVERSION = YES_AGGRESSIVE;
				CLANG_CXX_LANGUAGE_STANDARD = "gnu++20";
				CLANG_ENABLE_MODULES = YES;
				CLANG_ENABLE_OBJC_ARC = YES;
				CLANG_ENABLE_OBJC_WEAK = YES;
				CLANG_WARN_BLOCK_CAPTURE_AUTORELEASING = YES;
				CLANG_WARN_BOOL_CONVERSION = YES;
				CLANG_WARN_COMMA = YES;
				CLANG_WARN_CONSTANT_CONVERSION = YES;
				CLANG_WARN_DEPRECATED_OBJC_IMPLEMENTATIONS = YES;
				CLANG_WARN_DIRECT_OBJC_ISA_USAGE = YES_ERROR;
				CLANG_WARN_DOCUMENTATION_COMMENTS = YES;
				CLANG_WARN_EMPTY_BODY = YES;
				CLANG_WARN_ENUM_CONVERSION = YES;
				CLANG_WARN_INFINITE_RECURSION = YES;
				CLANG_WARN_INT_CONVERSION = YES;
				CLANG_WARN_NON_LITERAL_NULL_CONVERSION = YES;
				CLANG_WARN_OBJC_IMPLICIT_RETAIN_SELF = YES;
				CLANG_WARN_OBJC_LITERAL_CONVERSION = YES;
				CLANG_WARN_OBJC_ROOT_CLASS = YES_ERROR;
				CLANG_WARN_QUOTED_INCLUDE_IN_FRAMEWORK_HEADER = YES;
				CLANG_WARN_RANGE_LOOP_ANALYSIS = YES;
				CLANG_WARN_STRICT_PROTOTYPES = YES;
				CLANG_WARN_SUSPICIOUS_MOVE = YES;
				CLANG_WARN_UNGUARDED_AVAILABILITY = YES_AGGRESSIVE;
				CLANG_WARN_UNREACHABLE_CODE = YES;
				CLANG_WARN__DUPLICATE_METHOD_MATCH = YES;
				COPY_PHASE_STRIP = NO;
				DEBUG_INFORMATION_FORMAT = dwarf;
				ENABLE_STRICT_OBJC_MSGSEND = YES;
				ENABLE_TESTABILITY = YES;
				GCC_C_LANGUAGE_STANDARD = gnu11;
				GCC_DYNAMIC_NO_PIC = NO;
				GCC_NO_COMMON_BLOCKS = YES;
				GCC_OPTIMIZATION_LEVEL = 0;
				GCC_PREPROCESSOR_DEFINITIONS = (
					"DEBUG=1",
					"$(inherited)",
				);
				GCC_WARN_64_TO_32_BIT_CONVERSION = YES;
				GCC_WARN_ABOUT_RETURN_TYPE = YES_ERROR;
				GCC_WARN_UNDECLARED_SELECTOR = YES;
				GCC_WARN_UNINITIALIZED_AUTOS = YES_AGGRESSIVE;
				GCC_WARN_UNUSED_FUNCTION = YES;
				GCC_WARN_UNUSED_VARIABLE = YES;
				MTL_ENABLE_DEBUG_INFO = INCLUDE_SOURCE;
				MTL_FAST_MATH = YES;
				ONLY_ACTIVE_ARCH = YES;
				SWIFT_ACTIVE_COMPILATION_CONDITIONS = DEBUG;
				SWIFT_OPTIMIZATION_LEVEL = "-Onone";
			};
			name = Debug;
		};
		2A37F52729F981A300D1F9D9 /* Release */ = {
			isa = XCBuildConfiguration;
			buildSettings = {
				ALWAYS_SEARCH_USER_PATHS = NO;
				CLANG_ANALYZER_NONNULL = YES;
				CLANG_ANALYZER_NUMBER_OBJECT_CONVERSION = YES_AGGRESSIVE;
				CLANG_CXX_LANGUAGE_STANDARD = "gnu++20";
				CLANG_ENABLE_MODULES = YES;
				CLANG_ENABLE_OBJC_ARC = YES;
				CLANG_ENABLE_OBJC_WEAK = YES;
				CLANG_WARN_BLOCK_CAPTURE_AUTORELEASING = YES;
				CLANG_WARN_BOOL_CONVERSION = YES;
				CLANG_WARN_COMMA = YES;
				CLANG_WARN_CONSTANT_CONVERSION = YES;
				CLANG_WARN_DEPRECATED_OBJC_IMPLEMENTATIONS = YES;
				CLANG_WARN_DIRECT_OBJC_ISA_USAGE = YES_ERROR;
				CLANG_WARN_DOCUMENTATION_COMMENTS = YES;
				CLANG_WARN_EMPTY_BODY = YES;
				CLANG_WARN_ENUM_CONVERSION = YES;
				CLANG_WARN_INFINITE_RECURSION = YES;
				CLANG_WARN_INT_CONVERSION = YES;
				CLANG_WARN_NON_LITERAL_NULL_CONVERSION = YES;
				CLANG_WARN_OBJC_IMPLICIT_RETAIN_SELF = YES;
				CLANG_WARN_OBJC_LITERAL_CONVERSION = YES;
				CLANG_WARN_OBJC_ROOT_CLASS = YES_ERROR;
				CLANG_WARN_QUOTED_INCLUDE_IN_FRAMEWORK_HEADER = YES;
				CLANG_WARN_RANGE_LOOP_ANALYSIS = YES;
				CLANG_WARN_STRICT_PROTOTYPES = YES;
				CLANG_WARN_SUSPICIOUS_MOVE = YES;
				CLANG_WARN_UNGUARDED_AVAILABILITY = YES_AGGRESSIVE;
				CLANG_WARN_UNREACHABLE_CODE = YES;
				CLANG_WARN__DUPLICATE_METHOD_MATCH = YES;
				COPY_PHASE_STRIP = NO;
				DEBUG_INFORMATION_FORMAT = "dwarf-with-dsym";
				ENABLE_NS_ASSERTIONS = NO;
				ENABLE_STRICT_OBJC_MSGSEND = YES;
				GCC_C_LANGUAGE_STANDARD = gnu11;
				GCC_NO_COMMON_BLOCKS = YES;
				GCC_WARN_64_TO_32_BIT_CONVERSION = YES;
				GCC_WARN_ABOUT_RETURN_TYPE = YES_ERROR;
				GCC_WARN_UNDECLARED_SELECTOR = YES;
				GCC_WARN_UNINITIALIZED_AUTOS = YES_AGGRESSIVE;
				GCC_WARN_UNUSED_FUNCTION = YES;
				GCC_WARN_UNUSED_VARIABLE = YES;
				MTL_ENABLE_DEBUG_INFO = NO;
				MTL_FAST_MATH = YES;
				SWIFT_COMPILATION_MODE = wholemodule;
				SWIFT_OPTIMIZATION_LEVEL = "-O";
			};
			name = Release;
		};
		2A37F52929F981A300D1F9D9 /* Debug */ = {
			isa = XCBuildConfiguration;
			buildSettings = {
				ASSETCATALOG_COMPILER_APPICON_NAME = AppIcon;
				ASSETCATALOG_COMPILER_GLOBAL_ACCENT_COLOR_NAME = AccentColor;
				CODE_SIGN_STYLE = Automatic;
				CURRENT_PROJECT_VERSION = 1;
				DEVELOPMENT_ASSET_PATHS = "\"CountConnect2 Watch App/Preview Content\"";
				DEVELOPMENT_TEAM = 39JATSZXJT;
				ENABLE_PREVIEWS = YES;
				GENERATE_INFOPLIST_FILE = YES;
				INFOPLIST_KEY_CFBundleDisplayName = CountConnect2;
				INFOPLIST_KEY_UISupportedInterfaceOrientations = "UIInterfaceOrientationPortrait UIInterfaceOrientationPortraitUpsideDown";
				INFOPLIST_KEY_WKCompanionAppBundleIdentifier = com.Deok.CountConnect2;
				LD_RUNPATH_SEARCH_PATHS = (
					"$(inherited)",
					"@executable_path/Frameworks",
				);
				MARKETING_VERSION = 1.0;
				PRODUCT_BUNDLE_IDENTIFIER = com.Deok.CountConnect2.watchkitapp;
				PRODUCT_NAME = "$(TARGET_NAME)";
				SDKROOT = watchos;
				SKIP_INSTALL = YES;
				SWIFT_EMIT_LOC_STRINGS = YES;
				SWIFT_VERSION = 5.0;
				TARGETED_DEVICE_FAMILY = 4;
				WATCHOS_DEPLOYMENT_TARGET = 9.4;
			};
			name = Debug;
		};
		2A37F52A29F981A300D1F9D9 /* Release */ = {
			isa = XCBuildConfiguration;
			buildSettings = {
				ASSETCATALOG_COMPILER_APPICON_NAME = AppIcon;
				ASSETCATALOG_COMPILER_GLOBAL_ACCENT_COLOR_NAME = AccentColor;
				CODE_SIGN_STYLE = Automatic;
				CURRENT_PROJECT_VERSION = 1;
				DEVELOPMENT_ASSET_PATHS = "\"CountConnect2 Watch App/Preview Content\"";
				DEVELOPMENT_TEAM = 39JATSZXJT;
				ENABLE_PREVIEWS = YES;
				GENERATE_INFOPLIST_FILE = YES;
				INFOPLIST_KEY_CFBundleDisplayName = CountConnect2;
				INFOPLIST_KEY_UISupportedInterfaceOrientations = "UIInterfaceOrientationPortrait UIInterfaceOrientationPortraitUpsideDown";
				INFOPLIST_KEY_WKCompanionAppBundleIdentifier = com.Deok.CountConnect2;
				LD_RUNPATH_SEARCH_PATHS = (
					"$(inherited)",
					"@executable_path/Frameworks",
				);
				MARKETING_VERSION = 1.0;
				PRODUCT_BUNDLE_IDENTIFIER = com.Deok.CountConnect2.watchkitapp;
				PRODUCT_NAME = "$(TARGET_NAME)";
				SDKROOT = watchos;
				SKIP_INSTALL = YES;
				SWIFT_EMIT_LOC_STRINGS = YES;
				SWIFT_VERSION = 5.0;
				TARGETED_DEVICE_FAMILY = 4;
				VALIDATE_PRODUCT = YES;
				WATCHOS_DEPLOYMENT_TARGET = 9.4;
			};
			name = Release;
		};
		2A37F52D29F981A300D1F9D9 /* Debug */ = {
			isa = XCBuildConfiguration;
			buildSettings = {
				ALWAYS_EMBED_SWIFT_STANDARD_LIBRARIES = YES;
				ASSETCATALOG_COMPILER_APPICON_NAME = AppIcon;
				ASSETCATALOG_COMPILER_GLOBAL_ACCENT_COLOR_NAME = AccentColor;
				CODE_SIGN_STYLE = Automatic;
				CURRENT_PROJECT_VERSION = 1;
				DEVELOPMENT_ASSET_PATHS = "\"CountConnect2/Preview Content\"";
				DEVELOPMENT_TEAM = 39JATSZXJT;
				ENABLE_PREVIEWS = YES;
				GENERATE_INFOPLIST_FILE = YES;
				INFOPLIST_KEY_CFBundleDisplayName = CountConnect2;
				INFOPLIST_KEY_UIApplicationSceneManifest_Generation = YES;
				INFOPLIST_KEY_UIApplicationSupportsIndirectInputEvents = YES;
				INFOPLIST_KEY_UILaunchScreen_Generation = YES;
				INFOPLIST_KEY_UISupportedInterfaceOrientations_iPad = "UIInterfaceOrientationPortrait UIInterfaceOrientationPortraitUpsideDown UIInterfaceOrientationLandscapeLeft UIInterfaceOrientationLandscapeRight";
				INFOPLIST_KEY_UISupportedInterfaceOrientations_iPhone = "UIInterfaceOrientationPortrait UIInterfaceOrientationLandscapeLeft UIInterfaceOrientationLandscapeRight";
				IPHONEOS_DEPLOYMENT_TARGET = 16.4;
				LD_RUNPATH_SEARCH_PATHS = (
					"$(inherited)",
					"@executable_path/Frameworks",
				);
				MARKETING_VERSION = 1.0;
				PRODUCT_BUNDLE_IDENTIFIER = com.Deok.CountConnect2;
				PRODUCT_NAME = "$(TARGET_NAME)";
				SDKROOT = iphoneos;
				SWIFT_EMIT_LOC_STRINGS = YES;
				SWIFT_VERSION = 5.0;
				TARGETED_DEVICE_FAMILY = "1,2";
			};
			name = Debug;
		};
		2A37F52E29F981A300D1F9D9 /* Release */ = {
			isa = XCBuildConfiguration;
			buildSettings = {
				ALWAYS_EMBED_SWIFT_STANDARD_LIBRARIES = YES;
				ASSETCATALOG_COMPILER_APPICON_NAME = AppIcon;
				ASSETCATALOG_COMPILER_GLOBAL_ACCENT_COLOR_NAME = AccentColor;
				CODE_SIGN_STYLE = Automatic;
				CURRENT_PROJECT_VERSION = 1;
				DEVELOPMENT_ASSET_PATHS = "\"CountConnect2/Preview Content\"";
				DEVELOPMENT_TEAM = 39JATSZXJT;
				ENABLE_PREVIEWS = YES;
				GENERATE_INFOPLIST_FILE = YES;
				INFOPLIST_KEY_CFBundleDisplayName = CountConnect2;
				INFOPLIST_KEY_UIApplicationSceneManifest_Generation = YES;
				INFOPLIST_KEY_UIApplicationSupportsIndirectInputEvents = YES;
				INFOPLIST_KEY_UILaunchScreen_Generation = YES;
				INFOPLIST_KEY_UISupportedInterfaceOrientations_iPad = "UIInterfaceOrientationPortrait UIInterfaceOrientationPortraitUpsideDown UIInterfaceOrientationLandscapeLeft UIInterfaceOrientationLandscapeRight";
				INFOPLIST_KEY_UISupportedInterfaceOrientations_iPhone = "UIInterfaceOrientationPortrait UIInterfaceOrientationLandscapeLeft UIInterfaceOrientationLandscapeRight";
				IPHONEOS_DEPLOYMENT_TARGET = 16.4;
				LD_RUNPATH_SEARCH_PATHS = (
					"$(inherited)",
					"@executable_path/Frameworks",
				);
				MARKETING_VERSION = 1.0;
				PRODUCT_BUNDLE_IDENTIFIER = com.Deok.CountConnect2;
				PRODUCT_NAME = "$(TARGET_NAME)";
				SDKROOT = iphoneos;
				SWIFT_EMIT_LOC_STRINGS = YES;
				SWIFT_VERSION = 5.0;
				TARGETED_DEVICE_FAMILY = "1,2";
				VALIDATE_PRODUCT = YES;
			};
			name = Release;
		};
/* End XCBuildConfiguration section */

/* Begin XCConfigurationList section */
		2A37F50329F981A000D1F9D9 /* Build configuration list for PBXProject "CountConnect2" */ = {
			isa = XCConfigurationList;
			buildConfigurations = (
				2A37F52629F981A300D1F9D9 /* Debug */,
				2A37F52729F981A300D1F9D9 /* Release */,
			);
			defaultConfigurationIsVisible = 0;
			defaultConfigurationName = Release;
		};
		2A37F52829F981A300D1F9D9 /* Build configuration list for PBXNativeTarget "CountConnect2 Watch App" */ = {
			isa = XCConfigurationList;
			buildConfigurations = (
				2A37F52929F981A300D1F9D9 /* Debug */,
				2A37F52A29F981A300D1F9D9 /* Release */,
			);
			defaultConfigurationIsVisible = 0;
			defaultConfigurationName = Release;
		};
		2A37F52C29F981A300D1F9D9 /* Build configuration list for PBXNativeTarget "CountConnect2" */ = {
			isa = XCConfigurationList;
			buildConfigurations = (
				2A37F52D29F981A300D1F9D9 /* Debug */,
				2A37F52E29F981A300D1F9D9 /* Release */,
			);
			defaultConfigurationIsVisible = 0;
			defaultConfigurationName = Release;
		};
/* End XCConfigurationList section */
	};
	rootObject = 2A37F50029F981A000D1F9D9 /* Project object */;
}
