// !$*UTF8*$!
{
	archiveVersion = 1;
	classes = {
	};
	objectVersion = 56;
	objects = {

/* Begin PBXBuildFile section */
		2AECBED129DE18B4000F9A90 /* ConnectivityApp.swift in Sources */ = {isa = PBXBuildFile; fileRef = 2AECBED029DE18B4000F9A90 /* ConnectivityApp.swift */; };
		2AECBED329DE18B4000F9A90 /* ContentView.swift in Sources */ = {isa = PBXBuildFile; fileRef = 2AECBED229DE18B4000F9A90 /* ContentView.swift */; };
		2AECBED529DE18B6000F9A90 /* Assets.xcassets in Resources */ = {isa = PBXBuildFile; fileRef = 2AECBED429DE18B6000F9A90 /* Assets.xcassets */; };
		2AECBED829DE18B6000F9A90 /* Preview Assets.xcassets in Resources */ = {isa = PBXBuildFile; fileRef = 2AECBED729DE18B6000F9A90 /* Preview Assets.xcassets */; };
		2AECBEDE29DE18B6000F9A90 /* Connectivity Watch App.app in Embed Watch Content */ = {isa = PBXBuildFile; fileRef = 2AECBEDD29DE18B6000F9A90 /* Connectivity Watch App.app */; settings = {ATTRIBUTES = (RemoveHeadersOnCopy, ); }; };
		2AECBEE329DE18B6000F9A90 /* ConnectivityApp.swift in Sources */ = {isa = PBXBuildFile; fileRef = 2AECBEE229DE18B6000F9A90 /* ConnectivityApp.swift */; };
		2AECBEE529DE18B6000F9A90 /* ContentView.swift in Sources */ = {isa = PBXBuildFile; fileRef = 2AECBEE429DE18B6000F9A90 /* ContentView.swift */; };
		2AECBEE729DE18B7000F9A90 /* Assets.xcassets in Resources */ = {isa = PBXBuildFile; fileRef = 2AECBEE629DE18B7000F9A90 /* Assets.xcassets */; };
		2AECBEEA29DE18B7000F9A90 /* Preview Assets.xcassets in Resources */ = {isa = PBXBuildFile; fileRef = 2AECBEE929DE18B7000F9A90 /* Preview Assets.xcassets */; };
		2AECBEF729DE190A000F9A90 /* ViewModelPhone.swift in Sources */ = {isa = PBXBuildFile; fileRef = 2AECBEF629DE190A000F9A90 /* ViewModelPhone.swift */; };
		2AECBEF929DE1918000F9A90 /* ViewModelWatch.swift in Sources */ = {isa = PBXBuildFile; fileRef = 2AECBEF829DE1918000F9A90 /* ViewModelWatch.swift */; };
/* End PBXBuildFile section */

/* Begin PBXContainerItemProxy section */
		2AECBEDF29DE18B6000F9A90 /* PBXContainerItemProxy */ = {
			isa = PBXContainerItemProxy;
			containerPortal = 2AECBEC529DE18B4000F9A90 /* Project object */;
			proxyType = 1;
			remoteGlobalIDString = 2AECBEDC29DE18B6000F9A90;
			remoteInfo = "Connectivity Watch App";
		};
/* End PBXContainerItemProxy section */

/* Begin PBXCopyFilesBuildPhase section */
		2AECBEF029DE18B7000F9A90 /* Embed Watch Content */ = {
			isa = PBXCopyFilesBuildPhase;
			buildActionMask = 2147483647;
			dstPath = "$(CONTENTS_FOLDER_PATH)/Watch";
			dstSubfolderSpec = 16;
			files = (
				2AECBEDE29DE18B6000F9A90 /* Connectivity Watch App.app in Embed Watch Content */,
			);
			name = "Embed Watch Content";
			runOnlyForDeploymentPostprocessing = 0;
		};
/* End PBXCopyFilesBuildPhase section */

/* Begin PBXFileReference section */
		2AECBECD29DE18B4000F9A90 /* Connectivity.app */ = {isa = PBXFileReference; explicitFileType = wrapper.application; includeInIndex = 0; path = Connectivity.app; sourceTree = BUILT_PRODUCTS_DIR; };
		2AECBED029DE18B4000F9A90 /* ConnectivityApp.swift */ = {isa = PBXFileReference; lastKnownFileType = sourcecode.swift; path = ConnectivityApp.swift; sourceTree = "<group>"; };
		2AECBED229DE18B4000F9A90 /* ContentView.swift */ = {isa = PBXFileReference; lastKnownFileType = sourcecode.swift; path = ContentView.swift; sourceTree = "<group>"; };
		2AECBED429DE18B6000F9A90 /* Assets.xcassets */ = {isa = PBXFileReference; lastKnownFileType = folder.assetcatalog; path = Assets.xcassets; sourceTree = "<group>"; };
		2AECBED729DE18B6000F9A90 /* Preview Assets.xcassets */ = {isa = PBXFileReference; lastKnownFileType = folder.assetcatalog; path = "Preview Assets.xcassets"; sourceTree = "<group>"; };
		2AECBEDD29DE18B6000F9A90 /* Connectivity Watch App.app */ = {isa = PBXFileReference; explicitFileType = wrapper.application; includeInIndex = 0; path = "Connectivity Watch App.app"; sourceTree = BUILT_PRODUCTS_DIR; };
		2AECBEE229DE18B6000F9A90 /* ConnectivityApp.swift */ = {isa = PBXFileReference; lastKnownFileType = sourcecode.swift; path = ConnectivityApp.swift; sourceTree = "<group>"; };
		2AECBEE429DE18B6000F9A90 /* ContentView.swift */ = {isa = PBXFileReference; lastKnownFileType = sourcecode.swift; path = ContentView.swift; sourceTree = "<group>"; };
		2AECBEE629DE18B7000F9A90 /* Assets.xcassets */ = {isa = PBXFileReference; lastKnownFileType = folder.assetcatalog; path = Assets.xcassets; sourceTree = "<group>"; };
		2AECBEE929DE18B7000F9A90 /* Preview Assets.xcassets */ = {isa = PBXFileReference; lastKnownFileType = folder.assetcatalog; path = "Preview Assets.xcassets"; sourceTree = "<group>"; };
		2AECBEF629DE190A000F9A90 /* ViewModelPhone.swift */ = {isa = PBXFileReference; lastKnownFileType = sourcecode.swift; path = ViewModelPhone.swift; sourceTree = "<group>"; };
		2AECBEF829DE1918000F9A90 /* ViewModelWatch.swift */ = {isa = PBXFileReference; lastKnownFileType = sourcecode.swift; path = ViewModelWatch.swift; sourceTree = "<group>"; };
/* End PBXFileReference section */

/* Begin PBXFrameworksBuildPhase section */
		2AECBECA29DE18B4000F9A90 /* Frameworks */ = {
			isa = PBXFrameworksBuildPhase;
			buildActionMask = 2147483647;
			files = (
			);
			runOnlyForDeploymentPostprocessing = 0;
		};
		2AECBEDA29DE18B6000F9A90 /* Frameworks */ = {
			isa = PBXFrameworksBuildPhase;
			buildActionMask = 2147483647;
			files = (
			);
			runOnlyForDeploymentPostprocessing = 0;
		};
/* End PBXFrameworksBuildPhase section */

/* Begin PBXGroup section */
		2AECBEC429DE18B4000F9A90 = {
			isa = PBXGroup;
			children = (
				2AECBECF29DE18B4000F9A90 /* Connectivity */,
				2AECBEE129DE18B6000F9A90 /* Connectivity Watch App */,
				2AECBECE29DE18B4000F9A90 /* Products */,
			);
			sourceTree = "<group>";
		};
		2AECBECE29DE18B4000F9A90 /* Products */ = {
			isa = PBXGroup;
			children = (
				2AECBECD29DE18B4000F9A90 /* Connectivity.app */,
				2AECBEDD29DE18B6000F9A90 /* Connectivity Watch App.app */,
			);
			name = Products;
			sourceTree = "<group>";
		};
		2AECBECF29DE18B4000F9A90 /* Connectivity */ = {
			isa = PBXGroup;
			children = (
				2AECBED029DE18B4000F9A90 /* ConnectivityApp.swift */,
				2AECBED229DE18B4000F9A90 /* ContentView.swift */,
				2AECBEF629DE190A000F9A90 /* ViewModelPhone.swift */,
				2AECBED429DE18B6000F9A90 /* Assets.xcassets */,
				2AECBED629DE18B6000F9A90 /* Preview Content */,
			);
			path = Connectivity;
			sourceTree = "<group>";
		};
		2AECBED629DE18B6000F9A90 /* Preview Content */ = {
			isa = PBXGroup;
			children = (
				2AECBED729DE18B6000F9A90 /* Preview Assets.xcassets */,
			);
			path = "Preview Content";
			sourceTree = "<group>";
		};
		2AECBEE129DE18B6000F9A90 /* Connectivity Watch App */ = {
			isa = PBXGroup;
			children = (
				2AECBEE229DE18B6000F9A90 /* ConnectivityApp.swift */,
				2AECBEF829DE1918000F9A90 /* ViewModelWatch.swift */,
				2AECBEE429DE18B6000F9A90 /* ContentView.swift */,
				2AECBEE629DE18B7000F9A90 /* Assets.xcassets */,
				2AECBEE829DE18B7000F9A90 /* Preview Content */,
			);
			path = "Connectivity Watch App";
			sourceTree = "<group>";
		};
		2AECBEE829DE18B7000F9A90 /* Preview Content */ = {
			isa = PBXGroup;
			children = (
				2AECBEE929DE18B7000F9A90 /* Preview Assets.xcassets */,
			);
			path = "Preview Content";
			sourceTree = "<group>";
		};
/* End PBXGroup section */

/* Begin PBXNativeTarget section */
		2AECBECC29DE18B4000F9A90 /* Connectivity */ = {
			isa = PBXNativeTarget;
			buildConfigurationList = 2AECBEF129DE18B7000F9A90 /* Build configuration list for PBXNativeTarget "Connectivity" */;
			buildPhases = (
				2AECBEC929DE18B4000F9A90 /* Sources */,
				2AECBECA29DE18B4000F9A90 /* Frameworks */,
				2AECBECB29DE18B4000F9A90 /* Resources */,
				2AECBEF029DE18B7000F9A90 /* Embed Watch Content */,
			);
			buildRules = (
			);
			dependencies = (
				2AECBEE029DE18B6000F9A90 /* PBXTargetDependency */,
			);
			name = Connectivity;
			productName = Connectivity;
			productReference = 2AECBECD29DE18B4000F9A90 /* Connectivity.app */;
			productType = "com.apple.product-type.application";
		};
		2AECBEDC29DE18B6000F9A90 /* Connectivity Watch App */ = {
			isa = PBXNativeTarget;
			buildConfigurationList = 2AECBEED29DE18B7000F9A90 /* Build configuration list for PBXNativeTarget "Connectivity Watch App" */;
			buildPhases = (
				2AECBED929DE18B6000F9A90 /* Sources */,
				2AECBEDA29DE18B6000F9A90 /* Frameworks */,
				2AECBEDB29DE18B6000F9A90 /* Resources */,
			);
			buildRules = (
			);
			dependencies = (
			);
			name = "Connectivity Watch App";
			productName = "Connectivity Watch App";
			productReference = 2AECBEDD29DE18B6000F9A90 /* Connectivity Watch App.app */;
			productType = "com.apple.product-type.application";
		};
/* End PBXNativeTarget section */

/* Begin PBXProject section */
		2AECBEC529DE18B4000F9A90 /* Project object */ = {
			isa = PBXProject;
			attributes = {
				BuildIndependentTargetsInParallel = 1;
				LastSwiftUpdateCheck = 1430;
				LastUpgradeCheck = 1430;
				TargetAttributes = {
					2AECBECC29DE18B4000F9A90 = {
						CreatedOnToolsVersion = 14.3;
					};
					2AECBEDC29DE18B6000F9A90 = {
						CreatedOnToolsVersion = 14.3;
					};
				};
			};
			buildConfigurationList = 2AECBEC829DE18B4000F9A90 /* Build configuration list for PBXProject "Connectivity" */;
			compatibilityVersion = "Xcode 14.0";
			developmentRegion = en;
			hasScannedForEncodings = 0;
			knownRegions = (
				en,
				Base,
			);
			mainGroup = 2AECBEC429DE18B4000F9A90;
			productRefGroup = 2AECBECE29DE18B4000F9A90 /* Products */;
			projectDirPath = "";
			projectRoot = "";
			targets = (
				2AECBECC29DE18B4000F9A90 /* Connectivity */,
				2AECBEDC29DE18B6000F9A90 /* Connectivity Watch App */,
			);
		};
/* End PBXProject section */

/* Begin PBXResourcesBuildPhase section */
		2AECBECB29DE18B4000F9A90 /* Resources */ = {
			isa = PBXResourcesBuildPhase;
			buildActionMask = 2147483647;
			files = (
				2AECBED829DE18B6000F9A90 /* Preview Assets.xcassets in Resources */,
				2AECBED529DE18B6000F9A90 /* Assets.xcassets in Resources */,
			);
			runOnlyForDeploymentPostprocessing = 0;
		};
		2AECBEDB29DE18B6000F9A90 /* Resources */ = {
			isa = PBXResourcesBuildPhase;
			buildActionMask = 2147483647;
			files = (
				2AECBEEA29DE18B7000F9A90 /* Preview Assets.xcassets in Resources */,
				2AECBEE729DE18B7000F9A90 /* Assets.xcassets in Resources */,
			);
			runOnlyForDeploymentPostprocessing = 0;
		};
/* End PBXResourcesBuildPhase section */

/* Begin PBXSourcesBuildPhase section */
		2AECBEC929DE18B4000F9A90 /* Sources */ = {
			isa = PBXSourcesBuildPhase;
			buildActionMask = 2147483647;
			files = (
				2AECBEF729DE190A000F9A90 /* ViewModelPhone.swift in Sources */,
				2AECBED329DE18B4000F9A90 /* ContentView.swift in Sources */,
				2AECBED129DE18B4000F9A90 /* ConnectivityApp.swift in Sources */,
			);
			runOnlyForDeploymentPostprocessing = 0;
		};
		2AECBED929DE18B6000F9A90 /* Sources */ = {
			isa = PBXSourcesBuildPhase;
			buildActionMask = 2147483647;
			files = (
				2AECBEE529DE18B6000F9A90 /* ContentView.swift in Sources */,
				2AECBEF929DE1918000F9A90 /* ViewModelWatch.swift in Sources */,
				2AECBEE329DE18B6000F9A90 /* ConnectivityApp.swift in Sources */,
			);
			runOnlyForDeploymentPostprocessing = 0;
		};
/* End PBXSourcesBuildPhase section */

/* Begin PBXTargetDependency section */
		2AECBEE029DE18B6000F9A90 /* PBXTargetDependency */ = {
			isa = PBXTargetDependency;
			target = 2AECBEDC29DE18B6000F9A90 /* Connectivity Watch App */;
			targetProxy = 2AECBEDF29DE18B6000F9A90 /* PBXContainerItemProxy */;
		};
/* End PBXTargetDependency section */

/* Begin XCBuildConfiguration section */
		2AECBEEB29DE18B7000F9A90 /* Debug */ = {
			isa = XCBuildConfiguration;
			buildSettings = {
				ALWAYS_SEARCH_USER_PATHS = NO;
				CLANG_ANALYZER_NONNULL = YES;
				CLANG_ANALYZER_NUMBER_OBJECT_CONVERSION = YES_AGGRESSIVE;
				CLANG_CXX_LANGUAGE_STANDARD = "gnu++20";
				CLANG_ENABLE_MODULES = YES;
				CLANG_ENABLE_OBJC_ARC = YES;
				CLANG_ENABLE_OBJC_WEAK = YES;
				CLANG_WARN_BLOCK_CAPTURE_AUTORELEASING = YES;
				CLANG_WARN_BOOL_CONVERSION = YES;
				CLANG_WARN_COMMA = YES;
				CLANG_WARN_CONSTANT_CONVERSION = YES;
				CLANG_WARN_DEPRECATED_OBJC_IMPLEMENTATIONS = YES;
				CLANG_WARN_DIRECT_OBJC_ISA_USAGE = YES_ERROR;
				CLANG_WARN_DOCUMENTATION_COMMENTS = YES;
				CLANG_WARN_EMPTY_BODY = YES;
				CLANG_WARN_ENUM_CONVERSION = YES;
				CLANG_WARN_INFINITE_RECURSION = YES;
				CLANG_WARN_INT_CONVERSION = YES;
				CLANG_WARN_NON_LITERAL_NULL_CONVERSION = YES;
				CLANG_WARN_OBJC_IMPLICIT_RETAIN_SELF = YES;
				CLANG_WARN_OBJC_LITERAL_CONVERSION = YES;
				CLANG_WARN_OBJC_ROOT_CLASS = YES_ERROR;
				CLANG_WARN_QUOTED_INCLUDE_IN_FRAMEWORK_HEADER = YES;
				CLANG_WARN_RANGE_LOOP_ANALYSIS = YES;
				CLANG_WARN_STRICT_PROTOTYPES = YES;
				CLANG_WARN_SUSPICIOUS_MOVE = YES;
				CLANG_WARN_UNGUARDED_AVAILABILITY = YES_AGGRESSIVE;
				CLANG_WARN_UNREACHABLE_CODE = YES;
				CLANG_WARN__DUPLICATE_METHOD_MATCH = YES;
				COPY_PHASE_STRIP = NO;
				DEBUG_INFORMATION_FORMAT = dwarf;
				ENABLE_STRICT_OBJC_MSGSEND = YES;
				ENABLE_TESTABILITY = YES;
				GCC_C_LANGUAGE_STANDARD = gnu11;
				GCC_DYNAMIC_NO_PIC = NO;
				GCC_NO_COMMON_BLOCKS = YES;
				GCC_OPTIMIZATION_LEVEL = 0;
				GCC_PREPROCESSOR_DEFINITIONS = (
					"DEBUG=1",
					"$(inherited)",
				);
				GCC_WARN_64_TO_32_BIT_CONVERSION = YES;
				GCC_WARN_ABOUT_RETURN_TYPE = YES_ERROR;
				GCC_WARN_UNDECLARED_SELECTOR = YES;
				GCC_WARN_UNINITIALIZED_AUTOS = YES_AGGRESSIVE;
				GCC_WARN_UNUSED_FUNCTION = YES;
				GCC_WARN_UNUSED_VARIABLE = YES;
				MTL_ENABLE_DEBUG_INFO = INCLUDE_SOURCE;
				MTL_FAST_MATH = YES;
				ONLY_ACTIVE_ARCH = YES;
				SWIFT_ACTIVE_COMPILATION_CONDITIONS = DEBUG;
				SWIFT_OPTIMIZATION_LEVEL = "-Onone";
			};
			name = Debug;
		};
		2AECBEEC29DE18B7000F9A90 /* Release */ = {
			isa = XCBuildConfiguration;
			buildSettings = {
				ALWAYS_SEARCH_USER_PATHS = NO;
				CLANG_ANALYZER_NONNULL = YES;
				CLANG_ANALYZER_NUMBER_OBJECT_CONVERSION = YES_AGGRESSIVE;
				CLANG_CXX_LANGUAGE_STANDARD = "gnu++20";
				CLANG_ENABLE_MODULES = YES;
				CLANG_ENABLE_OBJC_ARC = YES;
				CLANG_ENABLE_OBJC_WEAK = YES;
				CLANG_WARN_BLOCK_CAPTURE_AUTORELEASING = YES;
				CLANG_WARN_BOOL_CONVERSION = YES;
				CLANG_WARN_COMMA = YES;
				CLANG_WARN_CONSTANT_CONVERSION = YES;
				CLANG_WARN_DEPRECATED_OBJC_IMPLEMENTATIONS = YES;
				CLANG_WARN_DIRECT_OBJC_ISA_USAGE = YES_ERROR;
				CLANG_WARN_DOCUMENTATION_COMMENTS = YES;
				CLANG_WARN_EMPTY_BODY = YES;
				CLANG_WARN_ENUM_CONVERSION = YES;
				CLANG_WARN_INFINITE_RECURSION = YES;
				CLANG_WARN_INT_CONVERSION = YES;
				CLANG_WARN_NON_LITERAL_NULL_CONVERSION = YES;
				CLANG_WARN_OBJC_IMPLICIT_RETAIN_SELF = YES;
				CLANG_WARN_OBJC_LITERAL_CONVERSION = YES;
				CLANG_WARN_OBJC_ROOT_CLASS = YES_ERROR;
				CLANG_WARN_QUOTED_INCLUDE_IN_FRAMEWORK_HEADER = YES;
				CLANG_WARN_RANGE_LOOP_ANALYSIS = YES;
				CLANG_WARN_STRICT_PROTOTYPES = YES;
				CLANG_WARN_SUSPICIOUS_MOVE = YES;
				CLANG_WARN_UNGUARDED_AVAILABILITY = YES_AGGRESSIVE;
				CLANG_WARN_UNREACHABLE_CODE = YES;
				CLANG_WARN__DUPLICATE_METHOD_MATCH = YES;
				COPY_PHASE_STRIP = NO;
				DEBUG_INFORMATION_FORMAT = "dwarf-with-dsym";
				ENABLE_NS_ASSERTIONS = NO;
				ENABLE_STRICT_OBJC_MSGSEND = YES;
				GCC_C_LANGUAGE_STANDARD = gnu11;
				GCC_NO_COMMON_BLOCKS = YES;
				GCC_WARN_64_TO_32_BIT_CONVERSION = YES;
				GCC_WARN_ABOUT_RETURN_TYPE = YES_ERROR;
				GCC_WARN_UNDECLARED_SELECTOR = YES;
				GCC_WARN_UNINITIALIZED_AUTOS = YES_AGGRESSIVE;
				GCC_WARN_UNUSED_FUNCTION = YES;
				GCC_WARN_UNUSED_VARIABLE = YES;
				MTL_ENABLE_DEBUG_INFO = NO;
				MTL_FAST_MATH = YES;
				SWIFT_COMPILATION_MODE = wholemodule;
				SWIFT_OPTIMIZATION_LEVEL = "-O";
			};
			name = Release;
		};
		2AECBEEE29DE18B7000F9A90 /* Debug */ = {
			isa = XCBuildConfiguration;
			buildSettings = {
				ASSETCATALOG_COMPILER_APPICON_NAME = AppIcon;
				ASSETCATALOG_COMPILER_GLOBAL_ACCENT_COLOR_NAME = AccentColor;
				CODE_SIGN_STYLE = Automatic;
				CURRENT_PROJECT_VERSION = 1;
				DEVELOPMENT_ASSET_PATHS = "\"Connectivity Watch App/Preview Content\"";
				DEVELOPMENT_TEAM = 39JATSZXJT;
				ENABLE_PREVIEWS = YES;
				GENERATE_INFOPLIST_FILE = YES;
				INFOPLIST_KEY_CFBundleDisplayName = Connectivity;
				INFOPLIST_KEY_UISupportedInterfaceOrientations = "UIInterfaceOrientationPortrait UIInterfaceOrientationPortraitUpsideDown";
				INFOPLIST_KEY_WKCompanionAppBundleIdentifier = com.Deok.Connectivity;
				LD_RUNPATH_SEARCH_PATHS = (
					"$(inherited)",
					"@executable_path/Frameworks",
				);
				MARKETING_VERSION = 1.0;
				PRODUCT_BUNDLE_IDENTIFIER = com.Deok.Connectivity.watchkitapp;
				PRODUCT_NAME = "$(TARGET_NAME)";
				SDKROOT = watchos;
				SKIP_INSTALL = YES;
				SWIFT_EMIT_LOC_STRINGS = YES;
				SWIFT_VERSION = 5.0;
				TARGETED_DEVICE_FAMILY = 4;
				WATCHOS_DEPLOYMENT_TARGET = 9.4;
			};
			name = Debug;
		};
		2AECBEEF29DE18B7000F9A90 /* Release */ = {
			isa = XCBuildConfiguration;
			buildSettings = {
				ASSETCATALOG_COMPILER_APPICON_NAME = AppIcon;
				ASSETCATALOG_COMPILER_GLOBAL_ACCENT_COLOR_NAME = AccentColor;
				CODE_SIGN_STYLE = Automatic;
				CURRENT_PROJECT_VERSION = 1;
				DEVELOPMENT_ASSET_PATHS = "\"Connectivity Watch App/Preview Content\"";
				DEVELOPMENT_TEAM = 39JATSZXJT;
				ENABLE_PREVIEWS = YES;
				GENERATE_INFOPLIST_FILE = YES;
				INFOPLIST_KEY_CFBundleDisplayName = Connectivity;
				INFOPLIST_KEY_UISupportedInterfaceOrientations = "UIInterfaceOrientationPortrait UIInterfaceOrientationPortraitUpsideDown";
				INFOPLIST_KEY_WKCompanionAppBundleIdentifier = com.Deok.Connectivity;
				LD_RUNPATH_SEARCH_PATHS = (
					"$(inherited)",
					"@executable_path/Frameworks",
				);
				MARKETING_VERSION = 1.0;
				PRODUCT_BUNDLE_IDENTIFIER = com.Deok.Connectivity.watchkitapp;
				PRODUCT_NAME = "$(TARGET_NAME)";
				SDKROOT = watchos;
				SKIP_INSTALL = YES;
				SWIFT_EMIT_LOC_STRINGS = YES;
				SWIFT_VERSION = 5.0;
				TARGETED_DEVICE_FAMILY = 4;
				VALIDATE_PRODUCT = YES;
				WATCHOS_DEPLOYMENT_TARGET = 9.4;
			};
			name = Release;
		};
		2AECBEF229DE18B7000F9A90 /* Debug */ = {
			isa = XCBuildConfiguration;
			buildSettings = {
				ALWAYS_EMBED_SWIFT_STANDARD_LIBRARIES = YES;
				ASSETCATALOG_COMPILER_APPICON_NAME = AppIcon;
				ASSETCATALOG_COMPILER_GLOBAL_ACCENT_COLOR_NAME = AccentColor;
				CODE_SIGN_STYLE = Automatic;
				CURRENT_PROJECT_VERSION = 1;
				DEVELOPMENT_ASSET_PATHS = "\"Connectivity/Preview Content\"";
				DEVELOPMENT_TEAM = 39JATSZXJT;
				ENABLE_PREVIEWS = YES;
				GENERATE_INFOPLIST_FILE = YES;
				INFOPLIST_KEY_CFBundleDisplayName = Connectivity;
				INFOPLIST_KEY_UIApplicationSceneManifest_Generation = YES;
				INFOPLIST_KEY_UIApplicationSupportsIndirectInputEvents = YES;
				INFOPLIST_KEY_UILaunchScreen_Generation = YES;
				INFOPLIST_KEY_UISupportedInterfaceOrientations_iPad = "UIInterfaceOrientationPortrait UIInterfaceOrientationPortraitUpsideDown UIInterfaceOrientationLandscapeLeft UIInterfaceOrientationLandscapeRight";
				INFOPLIST_KEY_UISupportedInterfaceOrientations_iPhone = "UIInterfaceOrientationPortrait UIInterfaceOrientationLandscapeLeft UIInterfaceOrientationLandscapeRight";
				IPHONEOS_DEPLOYMENT_TARGET = 16.4;
				LD_RUNPATH_SEARCH_PATHS = (
					"$(inherited)",
					"@executable_path/Frameworks",
				);
				MARKETING_VERSION = 1.0;
				PRODUCT_BUNDLE_IDENTIFIER = com.Deok.Connectivity;
				PRODUCT_NAME = "$(TARGET_NAME)";
				SDKROOT = iphoneos;
				SWIFT_EMIT_LOC_STRINGS = YES;
				SWIFT_VERSION = 5.0;
				TARGETED_DEVICE_FAMILY = "1,2";
			};
			name = Debug;
		};
		2AECBEF329DE18B7000F9A90 /* Release */ = {
			isa = XCBuildConfiguration;
			buildSettings = {
				ALWAYS_EMBED_SWIFT_STANDARD_LIBRARIES = YES;
				ASSETCATALOG_COMPILER_APPICON_NAME = AppIcon;
				ASSETCATALOG_COMPILER_GLOBAL_ACCENT_COLOR_NAME = AccentColor;
				CODE_SIGN_STYLE = Automatic;
				CURRENT_PROJECT_VERSION = 1;
				DEVELOPMENT_ASSET_PATHS = "\"Connectivity/Preview Content\"";
				DEVELOPMENT_TEAM = 39JATSZXJT;
				ENABLE_PREVIEWS = YES;
				GENERATE_INFOPLIST_FILE = YES;
				INFOPLIST_KEY_CFBundleDisplayName = Connectivity;
				INFOPLIST_KEY_UIApplicationSceneManifest_Generation = YES;
				INFOPLIST_KEY_UIApplicationSupportsIndirectInputEvents = YES;
				INFOPLIST_KEY_UILaunchScreen_Generation = YES;
				INFOPLIST_KEY_UISupportedInterfaceOrientations_iPad = "UIInterfaceOrientationPortrait UIInterfaceOrientationPortraitUpsideDown UIInterfaceOrientationLandscapeLeft UIInterfaceOrientationLandscapeRight";
				INFOPLIST_KEY_UISupportedInterfaceOrientations_iPhone = "UIInterfaceOrientationPortrait UIInterfaceOrientationLandscapeLeft UIInterfaceOrientationLandscapeRight";
				IPHONEOS_DEPLOYMENT_TARGET = 16.4;
				LD_RUNPATH_SEARCH_PATHS = (
					"$(inherited)",
					"@executable_path/Frameworks",
				);
				MARKETING_VERSION = 1.0;
				PRODUCT_BUNDLE_IDENTIFIER = com.Deok.Connectivity;
				PRODUCT_NAME = "$(TARGET_NAME)";
				SDKROOT = iphoneos;
				SWIFT_EMIT_LOC_STRINGS = YES;
				SWIFT_VERSION = 5.0;
				TARGETED_DEVICE_FAMILY = "1,2";
				VALIDATE_PRODUCT = YES;
			};
			name = Release;
		};
/* End XCBuildConfiguration section */

/* Begin XCConfigurationList section */
		2AECBEC829DE18B4000F9A90 /* Build configuration list for PBXProject "Connectivity" */ = {
			isa = XCConfigurationList;
			buildConfigurations = (
				2AECBEEB29DE18B7000F9A90 /* Debug */,
				2AECBEEC29DE18B7000F9A90 /* Release */,
			);
			defaultConfigurationIsVisible = 0;
			defaultConfigurationName = Release;
		};
		2AECBEED29DE18B7000F9A90 /* Build configuration list for PBXNativeTarget "Connectivity Watch App" */ = {
			isa = XCConfigurationList;
			buildConfigurations = (
				2AECBEEE29DE18B7000F9A90 /* Debug */,
				2AECBEEF29DE18B7000F9A90 /* Release */,
			);
			defaultConfigurationIsVisible = 0;
			defaultConfigurationName = Release;
		};
		2AECBEF129DE18B7000F9A90 /* Build configuration list for PBXNativeTarget "Connectivity" */ = {
			isa = XCConfigurationList;
			buildConfigurations = (
				2AECBEF229DE18B7000F9A90 /* Debug */,
				2AECBEF329DE18B7000F9A90 /* Release */,
			);
			defaultConfigurationIsVisible = 0;
			defaultConfigurationName = Release;
		};
/* End XCConfigurationList section */
	};
	rootObject = 2AECBEC529DE18B4000F9A90 /* Project object */;
}
